// !$*UTF8*$!
{
	archiveVersion = 1;
	classes = {
	};
	objectVersion = 46;
	objects = {

/* Begin PBXBuildFile section */
		B02156711B9D9863001860B5 /* MDKBase.h in Headers */ = {isa = PBXBuildFile; fileRef = B021566F1B9D9863001860B5 /* MDKBase.h */; };
		B02156721B9D9863001860B5 /* MDKBase.m in Sources */ = {isa = PBXBuildFile; fileRef = B02156701B9D9863001860B5 /* MDKBase.m */; };
		B02156771B9DAB93001860B5 /* MFTextField.h in Headers */ = {isa = PBXBuildFile; fileRef = B02156751B9DAB93001860B5 /* MFTextField.h */; };
		B02156781B9DAB93001860B5 /* MFTextField.m in Sources */ = {isa = PBXBuildFile; fileRef = B02156761B9DAB93001860B5 /* MFTextField.m */; };
		B02156B31B9DAC6E001860B5 /* MFDefaultStyle.h in Headers */ = {isa = PBXBuildFile; fileRef = B021568A1B9DAC6E001860B5 /* MFDefaultStyle.h */; };
		B02156B41B9DAC6E001860B5 /* MFDefaultStyle.m in Sources */ = {isa = PBXBuildFile; fileRef = B021568B1B9DAC6E001860B5 /* MFDefaultStyle.m */; };
		B02156B51B9DAC6E001860B5 /* MFStyleProtocol.h in Headers */ = {isa = PBXBuildFile; fileRef = B021568C1B9DAC6E001860B5 /* MFStyleProtocol.h */; };
		B02156B61B9DAC6E001860B5 /* MFUIStyleCommons.h in Headers */ = {isa = PBXBuildFile; fileRef = B021568D1B9DAC6E001860B5 /* MFUIStyleCommons.h */; };
		B02156B71B9DAC6E001860B5 /* UIView+Styleable.h in Headers */ = {isa = PBXBuildFile; fileRef = B021568E1B9DAC6E001860B5 /* UIView+Styleable.h */; };
		B02156B81B9DAC6E001860B5 /* UIView+Styleable.m in Sources */ = {isa = PBXBuildFile; fileRef = B021568F1B9DAC6E001860B5 /* UIView+Styleable.m */; };
		B02156B91B9DAC6E001860B5 /* MFLabelStyle.h in Headers */ = {isa = PBXBuildFile; fileRef = B02156911B9DAC6E001860B5 /* MFLabelStyle.h */; };
		B02156BA1B9DAC6E001860B5 /* MFLabelStyle.m in Sources */ = {isa = PBXBuildFile; fileRef = B02156921B9DAC6E001860B5 /* MFLabelStyle.m */; };
		B02156BB1B9DAC6E001860B5 /* MFUIStyleLabel.h in Headers */ = {isa = PBXBuildFile; fileRef = B02156931B9DAC6E001860B5 /* MFUIStyleLabel.h */; };
		B02156BC1B9DAC6E001860B5 /* MFUIStyle.h in Headers */ = {isa = PBXBuildFile; fileRef = B02156941B9DAC6E001860B5 /* MFUIStyle.h */; };
		B02156C71B9DAC6E001860B5 /* MFRegexTextFieldStyle+Button.h in Headers */ = {isa = PBXBuildFile; fileRef = B02156A01B9DAC6E001860B5 /* MFRegexTextFieldStyle+Button.h */; };
		B02156C81B9DAC6E001860B5 /* MFRegexTextFieldStyle+Button.m in Sources */ = {isa = PBXBuildFile; fileRef = B02156A11B9DAC6E001860B5 /* MFRegexTextFieldStyle+Button.m */; };
		B02156C91B9DAC6E001860B5 /* MFRegexTextFieldStyle.h in Headers */ = {isa = PBXBuildFile; fileRef = B02156A21B9DAC6E001860B5 /* MFRegexTextFieldStyle.h */; };
		B02156CA1B9DAC6E001860B5 /* MFRegexTextFieldStyle.m in Sources */ = {isa = PBXBuildFile; fileRef = B02156A31B9DAC6E001860B5 /* MFRegexTextFieldStyle.m */; };
		B02156CB1B9DAC6E001860B5 /* MFTextFieldStyle+BackgroundView.h in Headers */ = {isa = PBXBuildFile; fileRef = B02156A41B9DAC6E001860B5 /* MFTextFieldStyle+BackgroundView.h */; };
		B02156CC1B9DAC6E001860B5 /* MFTextFieldStyle+BackgroundView.m in Sources */ = {isa = PBXBuildFile; fileRef = B02156A51B9DAC6E001860B5 /* MFTextFieldStyle+BackgroundView.m */; };
		B02156CD1B9DAC6E001860B5 /* MFTextFieldStyle+ErrorView.h in Headers */ = {isa = PBXBuildFile; fileRef = B02156A61B9DAC6E001860B5 /* MFTextFieldStyle+ErrorView.h */; };
		B02156CE1B9DAC6E001860B5 /* MFTextFieldStyle+ErrorView.m in Sources */ = {isa = PBXBuildFile; fileRef = B02156A71B9DAC6E001860B5 /* MFTextFieldStyle+ErrorView.m */; };
		B02156CF1B9DAC6E001860B5 /* MFTextFieldStyle+TextLayouting.h in Headers */ = {isa = PBXBuildFile; fileRef = B02156A81B9DAC6E001860B5 /* MFTextFieldStyle+TextLayouting.h */; };
		B02156D01B9DAC6E001860B5 /* MFTextFieldStyle+TextLayouting.m in Sources */ = {isa = PBXBuildFile; fileRef = B02156A91B9DAC6E001860B5 /* MFTextFieldStyle+TextLayouting.m */; };
		B02156D11B9DAC6E001860B5 /* MFTextFieldStyle.h in Headers */ = {isa = PBXBuildFile; fileRef = B02156AA1B9DAC6E001860B5 /* MFTextFieldStyle.h */; };
		B02156D21B9DAC6E001860B5 /* MFTextFieldStyle.m in Sources */ = {isa = PBXBuildFile; fileRef = B02156AB1B9DAC6E001860B5 /* MFTextFieldStyle.m */; };
		B02156D31B9DAC6E001860B5 /* MFUIStyleTextField.h in Headers */ = {isa = PBXBuildFile; fileRef = B02156AC1B9DAC6E001860B5 /* MFUIStyleTextField.h */; };
		B02156E31B9DAD59001860B5 /* MDKBackgroundViewProtocol.h in Headers */ = {isa = PBXBuildFile; fileRef = B02156DA1B9DAD59001860B5 /* MDKBackgroundViewProtocol.h */; };
		B02156E41B9DAD59001860B5 /* MDKControlAssociatedLabelProtocol.h in Headers */ = {isa = PBXBuildFile; fileRef = B02156DB1B9DAD59001860B5 /* MDKControlAssociatedLabelProtocol.h */; };
		B02156E51B9DAD59001860B5 /* MDKControlAttributesProtocol.h in Headers */ = {isa = PBXBuildFile; fileRef = B02156DC1B9DAD59001860B5 /* MDKControlAttributesProtocol.h */; };
		B02156E61B9DAD59001860B5 /* MDKControlDataProtocol.h in Headers */ = {isa = PBXBuildFile; fileRef = B02156DD1B9DAD59001860B5 /* MDKControlDataProtocol.h */; };
		B02156E71B9DAD59001860B5 /* MDKControlErrorProtocol.h in Headers */ = {isa = PBXBuildFile; fileRef = B02156DE1B9DAD59001860B5 /* MDKControlErrorProtocol.h */; };
		B02156E81B9DAD59001860B5 /* MDKControlPropertiesProtocol.h in Headers */ = {isa = PBXBuildFile; fileRef = B02156DF1B9DAD59001860B5 /* MDKControlPropertiesProtocol.h */; };
		B02156E91B9DAD59001860B5 /* MDKControlValidationProtocol.h in Headers */ = {isa = PBXBuildFile; fileRef = B02156E01B9DAD59001860B5 /* MDKControlValidationProtocol.h */; };
		B02156EA1B9DAD59001860B5 /* MFErrorViewProtocol.h in Headers */ = {isa = PBXBuildFile; fileRef = B02156E11B9DAD59001860B5 /* MFErrorViewProtocol.h */; };
		B02156EB1B9DAD59001860B5 /* MDKControlProtocol.h in Headers */ = {isa = PBXBuildFile; fileRef = B02156E21B9DAD59001860B5 /* MDKControlProtocol.h */; };
		B02157211B9DAE19001860B5 /* MFCommonControlDelegate.h in Headers */ = {isa = PBXBuildFile; fileRef = B021571F1B9DAE19001860B5 /* MFCommonControlDelegate.h */; };
		B02157221B9DAE19001860B5 /* MFCommonControlDelegate.m in Sources */ = {isa = PBXBuildFile; fileRef = B02157201B9DAE19001860B5 /* MFCommonControlDelegate.m */; };
		B02157241B9DAE4C001860B5 /* MDKControlChangesProtocol.h in Headers */ = {isa = PBXBuildFile; fileRef = B02157231B9DAE4C001860B5 /* MDKControlChangesProtocol.h */; };
		B02157281B9DAE51001860B5 /* MFControlChangedTargetDescriptor.h in Headers */ = {isa = PBXBuildFile; fileRef = B02157261B9DAE51001860B5 /* MFControlChangedTargetDescriptor.h */; };
		B02157291B9DAE51001860B5 /* MFControlChangedTargetDescriptor.m in Sources */ = {isa = PBXBuildFile; fileRef = B02157271B9DAE51001860B5 /* MFControlChangedTargetDescriptor.m */; };
		B021573F1B9DAE8E001860B5 /* MFRegexTextField.h in Headers */ = {isa = PBXBuildFile; fileRef = B02157331B9DAE8E001860B5 /* MFRegexTextField.h */; };
		B02157401B9DAE8E001860B5 /* MFRegexTextField.m in Sources */ = {isa = PBXBuildFile; fileRef = B02157341B9DAE8E001860B5 /* MFRegexTextField.m */; };
		B02157581B9DAEEA001860B5 /* MFDoubleFieldValidator.h in Headers */ = {isa = PBXBuildFile; fileRef = B02157441B9DAEEA001860B5 /* MFDoubleFieldValidator.h */; };
		B02157591B9DAEEA001860B5 /* MFDoubleFieldValidator.m in Sources */ = {isa = PBXBuildFile; fileRef = B02157451B9DAEEA001860B5 /* MFDoubleFieldValidator.m */; };
		B021575A1B9DAEEA001860B5 /* MFEmailFieldValidator.h in Headers */ = {isa = PBXBuildFile; fileRef = B02157461B9DAEEA001860B5 /* MFEmailFieldValidator.h */; };
		B021575B1B9DAEEA001860B5 /* MFEmailFieldValidator.m in Sources */ = {isa = PBXBuildFile; fileRef = B02157471B9DAEEA001860B5 /* MFEmailFieldValidator.m */; };
		B021575C1B9DAEEA001860B5 /* MFFieldValidatorHandler.h in Headers */ = {isa = PBXBuildFile; fileRef = B02157481B9DAEEA001860B5 /* MFFieldValidatorHandler.h */; };
		B021575D1B9DAEEA001860B5 /* MFFieldValidatorHandler.m in Sources */ = {isa = PBXBuildFile; fileRef = B02157491B9DAEEA001860B5 /* MFFieldValidatorHandler.m */; };
		B021575E1B9DAEEA001860B5 /* MFFieldValidatorProtocol.h in Headers */ = {isa = PBXBuildFile; fileRef = B021574A1B9DAEEA001860B5 /* MFFieldValidatorProtocol.h */; };
		B02157611B9DAEEA001860B5 /* MFIntegerFieldValidator.h in Headers */ = {isa = PBXBuildFile; fileRef = B021574D1B9DAEEA001860B5 /* MFIntegerFieldValidator.h */; };
		B02157621B9DAEEA001860B5 /* MFIntegerFieldValidator.m in Sources */ = {isa = PBXBuildFile; fileRef = B021574E1B9DAEEA001860B5 /* MFIntegerFieldValidator.m */; };
		B02157631B9DAEEA001860B5 /* MFLengthFieldValidator.h in Headers */ = {isa = PBXBuildFile; fileRef = B021574F1B9DAEEA001860B5 /* MFLengthFieldValidator.h */; };
		B02157641B9DAEEA001860B5 /* MFLengthFieldValidator.m in Sources */ = {isa = PBXBuildFile; fileRef = B02157501B9DAEEA001860B5 /* MFLengthFieldValidator.m */; };
		B02157651B9DAEEA001860B5 /* MFMandatoryFieldValidator.h in Headers */ = {isa = PBXBuildFile; fileRef = B02157511B9DAEEA001860B5 /* MFMandatoryFieldValidator.h */; };
		B02157661B9DAEEA001860B5 /* MFMandatoryFieldValidator.m in Sources */ = {isa = PBXBuildFile; fileRef = B02157521B9DAEEA001860B5 /* MFMandatoryFieldValidator.m */; };
		B02157671B9DAEEA001860B5 /* MFPhoneFieldValidator.h in Headers */ = {isa = PBXBuildFile; fileRef = B02157531B9DAEEA001860B5 /* MFPhoneFieldValidator.h */; };
		B02157681B9DAEEA001860B5 /* MFPhoneFieldValidator.m in Sources */ = {isa = PBXBuildFile; fileRef = B02157541B9DAEEA001860B5 /* MFPhoneFieldValidator.m */; };
		B02157691B9DAEEA001860B5 /* MFUIFieldValidator.h in Headers */ = {isa = PBXBuildFile; fileRef = B02157551B9DAEEA001860B5 /* MFUIFieldValidator.h */; };
		B021576A1B9DAEEA001860B5 /* MFUrlFieldValidator.h in Headers */ = {isa = PBXBuildFile; fileRef = B02157561B9DAEEA001860B5 /* MFUrlFieldValidator.h */; };
		B021576B1B9DAEEA001860B5 /* MFUrlFieldValidator.m in Sources */ = {isa = PBXBuildFile; fileRef = B02157571B9DAEEA001860B5 /* MFUrlFieldValidator.m */; };
		B021579E1B9DAF30001860B5 /* MFUIErrorView.h in Headers */ = {isa = PBXBuildFile; fileRef = B021576D1B9DAF30001860B5 /* MFUIErrorView.h */; };
		B021579F1B9DAF30001860B5 /* MFUIErrorView.m in Sources */ = {isa = PBXBuildFile; fileRef = B021576E1B9DAF30001860B5 /* MFUIErrorView.m */; };
		B02157A01B9DAF30001860B5 /* InvalidTooltipView.h in Headers */ = {isa = PBXBuildFile; fileRef = B02157701B9DAF30001860B5 /* InvalidTooltipView.h */; };
		B02157A11B9DAF30001860B5 /* InvalidTooltipView.m in Sources */ = {isa = PBXBuildFile; fileRef = B02157711B9DAF30001860B5 /* InvalidTooltipView.m */; };
		B02157A21B9DAF30001860B5 /* MFUIControlTooltip.h in Headers */ = {isa = PBXBuildFile; fileRef = B02157721B9DAF30001860B5 /* MFUIControlTooltip.h */; };
		B02157A31B9DAF30001860B5 /* JDFSequentialTooltipManager.h in Headers */ = {isa = PBXBuildFile; fileRef = B02157741B9DAF30001860B5 /* JDFSequentialTooltipManager.h */; };
		B02157A41B9DAF30001860B5 /* JDFSequentialTooltipManager.m in Sources */ = {isa = PBXBuildFile; fileRef = B02157751B9DAF30001860B5 /* JDFSequentialTooltipManager.m */; };
		B02157A51B9DAF30001860B5 /* JDFTooltipManager.h in Headers */ = {isa = PBXBuildFile; fileRef = B02157761B9DAF30001860B5 /* JDFTooltipManager.h */; };
		B02157A61B9DAF30001860B5 /* JDFTooltipManager.m in Sources */ = {isa = PBXBuildFile; fileRef = B02157771B9DAF30001860B5 /* JDFTooltipManager.m */; };
		B02157A71B9DAF30001860B5 /* JDFTooltips.h in Headers */ = {isa = PBXBuildFile; fileRef = B02157781B9DAF30001860B5 /* JDFTooltips.h */; };
		B02157A81B9DAF30001860B5 /* JDFTooltipView.h in Headers */ = {isa = PBXBuildFile; fileRef = B02157791B9DAF30001860B5 /* JDFTooltipView.h */; };
		B02157A91B9DAF30001860B5 /* JDFTooltipView.m in Sources */ = {isa = PBXBuildFile; fileRef = B021577A1B9DAF30001860B5 /* JDFTooltipView.m */; };
		B02157AA1B9DAF30001860B5 /* UILabel+JDFTooltips.h in Headers */ = {isa = PBXBuildFile; fileRef = B021577B1B9DAF30001860B5 /* UILabel+JDFTooltips.h */; };
		B02157AB1B9DAF30001860B5 /* UILabel+JDFTooltips.m in Sources */ = {isa = PBXBuildFile; fileRef = B021577C1B9DAF30001860B5 /* UILabel+JDFTooltips.m */; };
		B02157AC1B9DAF30001860B5 /* UIView+JDFTooltips.h in Headers */ = {isa = PBXBuildFile; fileRef = B021577D1B9DAF30001860B5 /* UIView+JDFTooltips.h */; };
		B02157AD1B9DAF30001860B5 /* UIView+JDFTooltips.m in Sources */ = {isa = PBXBuildFile; fileRef = B021577E1B9DAF30001860B5 /* UIView+JDFTooltips.m */; };
		B02157AE1B9DAF30001860B5 /* TooltipView.h in Headers */ = {isa = PBXBuildFile; fileRef = B021577F1B9DAF30001860B5 /* TooltipView.h */; };
		B02157AF1B9DAF30001860B5 /* TooltipView.m in Sources */ = {isa = PBXBuildFile; fileRef = B02157801B9DAF30001860B5 /* TooltipView.m */; };
		B02157B01B9DAF30001860B5 /* TooltipViewPrivate.h in Headers */ = {isa = PBXBuildFile; fileRef = B02157811B9DAF30001860B5 /* TooltipViewPrivate.h */; };
		B02157B11B9DAF30001860B5 /* ValidTooltipView.h in Headers */ = {isa = PBXBuildFile; fileRef = B02157821B9DAF30001860B5 /* ValidTooltipView.h */; };
		B02157B21B9DAF30001860B5 /* ValidTooltipView.m in Sources */ = {isa = PBXBuildFile; fileRef = B02157831B9DAF30001860B5 /* ValidTooltipView.m */; };
		B02157B31B9DAF30001860B5 /* MFTooLongStringUIValidationError.h in Headers */ = {isa = PBXBuildFile; fileRef = B02157841B9DAF30001860B5 /* MFTooLongStringUIValidationError.h */; };
		B02157B41B9DAF30001860B5 /* MFTooLongStringUIValidationError.m in Sources */ = {isa = PBXBuildFile; fileRef = B02157851B9DAF30001860B5 /* MFTooLongStringUIValidationError.m */; };
		B02157B51B9DAF30001860B5 /* MFTooShortStringUIValidationError.h in Headers */ = {isa = PBXBuildFile; fileRef = B02157861B9DAF30001860B5 /* MFTooShortStringUIValidationError.h */; };
		B02157B61B9DAF30001860B5 /* MFTooShortStringUIValidationError.m in Sources */ = {isa = PBXBuildFile; fileRef = B02157871B9DAF30001860B5 /* MFTooShortStringUIValidationError.m */; };
		B02157B71B9DAF30001860B5 /* MFInvalidDoubleValueUIValidationError.h in Headers */ = {isa = PBXBuildFile; fileRef = B02157881B9DAF30001860B5 /* MFInvalidDoubleValueUIValidationError.h */; };
		B02157B81B9DAF30001860B5 /* MFInvalidDoubleValueUIValidationError.m in Sources */ = {isa = PBXBuildFile; fileRef = B02157891B9DAF30001860B5 /* MFInvalidDoubleValueUIValidationError.m */; };
		B02157B91B9DAF30001860B5 /* MFInvalidEmailValueUIValidationError.h in Headers */ = {isa = PBXBuildFile; fileRef = B021578A1B9DAF30001860B5 /* MFInvalidEmailValueUIValidationError.h */; };
		B02157BA1B9DAF30001860B5 /* MFInvalidEmailValueUIValidationError.m in Sources */ = {isa = PBXBuildFile; fileRef = B021578B1B9DAF30001860B5 /* MFInvalidEmailValueUIValidationError.m */; };
		B02157BB1B9DAF30001860B5 /* MFInvalidIntegerValueUIValidationError.h in Headers */ = {isa = PBXBuildFile; fileRef = B021578C1B9DAF30001860B5 /* MFInvalidIntegerValueUIValidationError.h */; };
		B02157BC1B9DAF30001860B5 /* MFInvalidIntegerValueUIValidationError.m in Sources */ = {isa = PBXBuildFile; fileRef = B021578D1B9DAF30001860B5 /* MFInvalidIntegerValueUIValidationError.m */; };
		B02157BD1B9DAF30001860B5 /* MFInvalidLocationValueUIValidationError.h in Headers */ = {isa = PBXBuildFile; fileRef = B021578E1B9DAF30001860B5 /* MFInvalidLocationValueUIValidationError.h */; };
		B02157BE1B9DAF30001860B5 /* MFInvalidLocationValueUIValidationError.m in Sources */ = {isa = PBXBuildFile; fileRef = B021578F1B9DAF30001860B5 /* MFInvalidLocationValueUIValidationError.m */; };
		B02157BF1B9DAF30001860B5 /* MFInvalidPhoneNumberValueUIValidationError.h in Headers */ = {isa = PBXBuildFile; fileRef = B02157901B9DAF30001860B5 /* MFInvalidPhoneNumberValueUIValidationError.h */; };
		B02157C01B9DAF30001860B5 /* MFInvalidPhoneNumberValueUIValidationError.m in Sources */ = {isa = PBXBuildFile; fileRef = B02157911B9DAF30001860B5 /* MFInvalidPhoneNumberValueUIValidationError.m */; };
		B02157C11B9DAF30001860B5 /* MFInvalidUrlValueUIValidationError.h in Headers */ = {isa = PBXBuildFile; fileRef = B02157921B9DAF30001860B5 /* MFInvalidUrlValueUIValidationError.h */; };
		B02157C21B9DAF30001860B5 /* MFInvalidUrlValueUIValidationError.m in Sources */ = {isa = PBXBuildFile; fileRef = B02157931B9DAF30001860B5 /* MFInvalidUrlValueUIValidationError.m */; };
		B02157C31B9DAF30001860B5 /* MFMandatoryFieldUIValidationError.h in Headers */ = {isa = PBXBuildFile; fileRef = B02157941B9DAF30001860B5 /* MFMandatoryFieldUIValidationError.h */; };
		B02157C41B9DAF30001860B5 /* MFMandatoryFieldUIValidationError.m in Sources */ = {isa = PBXBuildFile; fileRef = B02157951B9DAF30001860B5 /* MFMandatoryFieldUIValidationError.m */; };
		B02157C51B9DAF30001860B5 /* MFNoMatchingValueUIValidationError.h in Headers */ = {isa = PBXBuildFile; fileRef = B02157961B9DAF30001860B5 /* MFNoMatchingValueUIValidationError.h */; };
		B02157C61B9DAF30001860B5 /* MFNoMatchingValueUIValidationError.m in Sources */ = {isa = PBXBuildFile; fileRef = B02157971B9DAF30001860B5 /* MFNoMatchingValueUIValidationError.m */; };
		B02157CB1B9DAF30001860B5 /* MFUIValidationError.h in Headers */ = {isa = PBXBuildFile; fileRef = B021579C1B9DAF30001860B5 /* MFUIValidationError.h */; };
		B02157CC1B9DAF30001860B5 /* MFUIValidationError.m in Sources */ = {isa = PBXBuildFile; fileRef = B021579D1B9DAF30001860B5 /* MFUIValidationError.m */; };
		B02157D71B9DAFA0001860B5 /* MFComponentApplicationProtocol.h in Headers */ = {isa = PBXBuildFile; fileRef = B02157D01B9DAFA0001860B5 /* MFComponentApplicationProtocol.h */; };
		B02157D81B9DAFA0001860B5 /* MFComponentProviderProtocol.h in Headers */ = {isa = PBXBuildFile; fileRef = B02157D11B9DAFA0001860B5 /* MFComponentProviderProtocol.h */; };
		B02157D91B9DAFA0001860B5 /* MFSimpleComponentProvider.h in Headers */ = {isa = PBXBuildFile; fileRef = B02157D21B9DAFA0001860B5 /* MFSimpleComponentProvider.h */; };
		B02157DA1B9DAFA0001860B5 /* MFSimpleComponentProvider.m in Sources */ = {isa = PBXBuildFile; fileRef = B02157D31B9DAFA0001860B5 /* MFSimpleComponentProvider.m */; };
		B02157DB1B9DAFA0001860B5 /* MFUIComponentProvider.h in Headers */ = {isa = PBXBuildFile; fileRef = B02157D41B9DAFA0001860B5 /* MFUIComponentProvider.h */; };
		B02157DE1B9DB124001860B5 /* MFUIBaseRenderableComponent.m in Sources */ = {isa = PBXBuildFile; fileRef = B02157DC1B9DB124001860B5 /* MFUIBaseRenderableComponent.m */; };
		B02157DF1B9DB124001860B5 /* MFUIBaseRenderableComponent.h in Headers */ = {isa = PBXBuildFile; fileRef = B02157DD1B9DB124001860B5 /* MFUIBaseRenderableComponent.h */; };
		B02157E21B9DB145001860B5 /* MFUIBaseComponent.h in Headers */ = {isa = PBXBuildFile; fileRef = B02157E01B9DB145001860B5 /* MFUIBaseComponent.h */; };
		B02157E31B9DB145001860B5 /* MFUIBaseComponent.m in Sources */ = {isa = PBXBuildFile; fileRef = B02157E11B9DB145001860B5 /* MFUIBaseComponent.m */; };
		B02157E61B9DB17F001860B5 /* MFViewTags.h in Headers */ = {isa = PBXBuildFile; fileRef = B02157E41B9DB17F001860B5 /* MFViewTags.h */; };
		B02157E71B9DB17F001860B5 /* MFViewTags.m in Sources */ = {isa = PBXBuildFile; fileRef = B02157E51B9DB17F001860B5 /* MFViewTags.m */; };
		B02157F61B9DB207001860B5 /* MFBaseTextExtensionProtocol.h in Headers */ = {isa = PBXBuildFile; fileRef = B02157E91B9DB207001860B5 /* MFBaseTextExtensionProtocol.h */; };
		B02157F71B9DB207001860B5 /* MFEnumExtension.h in Headers */ = {isa = PBXBuildFile; fileRef = B02157EA1B9DB207001860B5 /* MFEnumExtension.h */; };
		B02157F81B9DB207001860B5 /* MFEnumExtension.m in Sources */ = {isa = PBXBuildFile; fileRef = B02157EB1B9DB207001860B5 /* MFEnumExtension.m */; };
		B02157FD1B9DB207001860B5 /* MFRegexTextExtensionProtocol.h in Headers */ = {isa = PBXBuildFile; fileRef = B02157F01B9DB207001860B5 /* MFRegexTextExtensionProtocol.h */; };
		B02157FE1B9DB207001860B5 /* MFRegularExpressionTextFieldExtension.h in Headers */ = {isa = PBXBuildFile; fileRef = B02157F11B9DB207001860B5 /* MFRegularExpressionTextFieldExtension.h */; };
		B02157FF1B9DB207001860B5 /* MFRegularExpressionTextFieldExtension.m in Sources */ = {isa = PBXBuildFile; fileRef = B02157F21B9DB207001860B5 /* MFRegularExpressionTextFieldExtension.m */; };
		B02158001B9DB207001860B5 /* MFTextFieldExtension.h in Headers */ = {isa = PBXBuildFile; fileRef = B02157F31B9DB207001860B5 /* MFTextFieldExtension.h */; };
		B02158011B9DB207001860B5 /* MFTextFieldExtension.m in Sources */ = {isa = PBXBuildFile; fileRef = B02157F41B9DB207001860B5 /* MFTextFieldExtension.m */; };
		B02158021B9DB207001860B5 /* MFUIControlExtension.h in Headers */ = {isa = PBXBuildFile; fileRef = B02157F51B9DB207001860B5 /* MFUIControlExtension.h */; };
		B02158091B9DB27D001860B5 /* MFAlertView.h in Headers */ = {isa = PBXBuildFile; fileRef = B02158041B9DB27D001860B5 /* MFAlertView.h */; };
		B021580A1B9DB27D001860B5 /* MFAlertView.m in Sources */ = {isa = PBXBuildFile; fileRef = B02158051B9DB27D001860B5 /* MFAlertView.m */; };
		B021580B1B9DB27D001860B5 /* MFAlertViewManager.h in Headers */ = {isa = PBXBuildFile; fileRef = B02158061B9DB27D001860B5 /* MFAlertViewManager.h */; };
		B021580C1B9DB27D001860B5 /* MFAlertViewManager.m in Sources */ = {isa = PBXBuildFile; fileRef = B02158071B9DB27D001860B5 /* MFAlertViewManager.m */; };
		B021580D1B9DB27D001860B5 /* MFUIAlertView.h in Headers */ = {isa = PBXBuildFile; fileRef = B02158081B9DB27D001860B5 /* MFUIAlertView.h */; };
		B02158121B9DB2EE001860B5 /* MFLabel.h in Headers */ = {isa = PBXBuildFile; fileRef = B021580F1B9DB2EE001860B5 /* MFLabel.h */; };
		B02158131B9DB2EE001860B5 /* MFLabel.m in Sources */ = {isa = PBXBuildFile; fileRef = B02158101B9DB2EE001860B5 /* MFLabel.m */; };
		B02158141B9DB2EE001860B5 /* MFUIControlLabel.h in Headers */ = {isa = PBXBuildFile; fileRef = B02158111B9DB2EE001860B5 /* MFUIControlLabel.h */; };
		B02158171B9DBA7F001860B5 /* MFConstants.h in Headers */ = {isa = PBXBuildFile; fileRef = B02158151B9DBA7F001860B5 /* MFConstants.h */; };
		B02158181B9DBA7F001860B5 /* MFConstants.m in Sources */ = {isa = PBXBuildFile; fileRef = B02158161B9DBA7F001860B5 /* MFConstants.m */; };
		B021582A1B9DBC8C001860B5 /* MDKCommandHandler.h in Headers */ = {isa = PBXBuildFile; fileRef = B021581C1B9DBC8C001860B5 /* MDKCommandHandler.h */; };
		B021582B1B9DBC8C001860B5 /* MDKCommandHandler.m in Sources */ = {isa = PBXBuildFile; fileRef = B021581D1B9DBC8C001860B5 /* MDKCommandHandler.m */; };
		B021582C1B9DBC8C001860B5 /* MDKCommandProtocol.h in Headers */ = {isa = PBXBuildFile; fileRef = B021581E1B9DBC8C001860B5 /* MDKCommandProtocol.h */; };
		B02158351B9DBC8C001860B5 /* MFUICommand.h in Headers */ = {isa = PBXBuildFile; fileRef = B02158271B9DBC8C001860B5 /* MFUICommand.h */; };
		B0FFDA6C1B33FAFB00CA6E5E /* MDKControl.h in Headers */ = {isa = PBXBuildFile; fileRef = B0FFDA6B1B33FAFB00CA6E5E /* MDKControl.h */; settings = {ATTRIBUTES = (Public, ); }; };
		B0FFDA721B33FAFB00CA6E5E /* MDKControl.framework in Frameworks */ = {isa = PBXBuildFile; fileRef = B0FFDA661B33FAFB00CA6E5E /* MDKControl.framework */; };
		B0FFDA791B33FAFB00CA6E5E /* MDKControlTests.m in Sources */ = {isa = PBXBuildFile; fileRef = B0FFDA781B33FAFB00CA6E5E /* MDKControlTests.m */; };
		B0FFDA901B33FBB800CA6E5E /* UIKit.framework in Frameworks */ = {isa = PBXBuildFile; fileRef = B0FFDA8F1B33FBB800CA6E5E /* UIKit.framework */; };
/* End PBXBuildFile section */

/* Begin PBXContainerItemProxy section */
		B0FFDA731B33FAFB00CA6E5E /* PBXContainerItemProxy */ = {
			isa = PBXContainerItemProxy;
			containerPortal = B0FFDA5D1B33FAFB00CA6E5E /* Project object */;
			proxyType = 1;
			remoteGlobalIDString = B0FFDA651B33FAFB00CA6E5E;
			remoteInfo = MDKControl;
		};
/* End PBXContainerItemProxy section */

/* Begin PBXFileReference section */
		B021566F1B9D9863001860B5 /* MDKBase.h */ = {isa = PBXFileReference; fileEncoding = 4; lastKnownFileType = sourcecode.c.h; path = MDKBase.h; sourceTree = "<group>"; };
		B02156701B9D9863001860B5 /* MDKBase.m */ = {isa = PBXFileReference; fileEncoding = 4; lastKnownFileType = sourcecode.c.objc; path = MDKBase.m; sourceTree = "<group>"; };
		B02156751B9DAB93001860B5 /* MFTextField.h */ = {isa = PBXFileReference; fileEncoding = 4; lastKnownFileType = sourcecode.c.h; path = MFTextField.h; sourceTree = "<group>"; };
		B02156761B9DAB93001860B5 /* MFTextField.m */ = {isa = PBXFileReference; fileEncoding = 4; lastKnownFileType = sourcecode.c.objc; path = MFTextField.m; sourceTree = "<group>"; };
		B021568A1B9DAC6E001860B5 /* MFDefaultStyle.h */ = {isa = PBXFileReference; fileEncoding = 4; lastKnownFileType = sourcecode.c.h; path = MFDefaultStyle.h; sourceTree = "<group>"; };
		B021568B1B9DAC6E001860B5 /* MFDefaultStyle.m */ = {isa = PBXFileReference; fileEncoding = 4; lastKnownFileType = sourcecode.c.objc; path = MFDefaultStyle.m; sourceTree = "<group>"; };
		B021568C1B9DAC6E001860B5 /* MFStyleProtocol.h */ = {isa = PBXFileReference; fileEncoding = 4; lastKnownFileType = sourcecode.c.h; path = MFStyleProtocol.h; sourceTree = "<group>"; };
		B021568D1B9DAC6E001860B5 /* MFUIStyleCommons.h */ = {isa = PBXFileReference; fileEncoding = 4; lastKnownFileType = sourcecode.c.h; path = MFUIStyleCommons.h; sourceTree = "<group>"; };
		B021568E1B9DAC6E001860B5 /* UIView+Styleable.h */ = {isa = PBXFileReference; fileEncoding = 4; lastKnownFileType = sourcecode.c.h; path = "UIView+Styleable.h"; sourceTree = "<group>"; };
		B021568F1B9DAC6E001860B5 /* UIView+Styleable.m */ = {isa = PBXFileReference; fileEncoding = 4; lastKnownFileType = sourcecode.c.objc; path = "UIView+Styleable.m"; sourceTree = "<group>"; };
		B02156911B9DAC6E001860B5 /* MFLabelStyle.h */ = {isa = PBXFileReference; fileEncoding = 4; lastKnownFileType = sourcecode.c.h; path = MFLabelStyle.h; sourceTree = "<group>"; };
		B02156921B9DAC6E001860B5 /* MFLabelStyle.m */ = {isa = PBXFileReference; fileEncoding = 4; lastKnownFileType = sourcecode.c.objc; path = MFLabelStyle.m; sourceTree = "<group>"; };
		B02156931B9DAC6E001860B5 /* MFUIStyleLabel.h */ = {isa = PBXFileReference; fileEncoding = 4; lastKnownFileType = sourcecode.c.h; path = MFUIStyleLabel.h; sourceTree = "<group>"; };
		B02156941B9DAC6E001860B5 /* MFUIStyle.h */ = {isa = PBXFileReference; fileEncoding = 4; lastKnownFileType = sourcecode.c.h; path = MFUIStyle.h; sourceTree = "<group>"; };
		B02156A01B9DAC6E001860B5 /* MFRegexTextFieldStyle+Button.h */ = {isa = PBXFileReference; fileEncoding = 4; lastKnownFileType = sourcecode.c.h; path = "MFRegexTextFieldStyle+Button.h"; sourceTree = "<group>"; };
		B02156A11B9DAC6E001860B5 /* MFRegexTextFieldStyle+Button.m */ = {isa = PBXFileReference; fileEncoding = 4; lastKnownFileType = sourcecode.c.objc; path = "MFRegexTextFieldStyle+Button.m"; sourceTree = "<group>"; };
		B02156A21B9DAC6E001860B5 /* MFRegexTextFieldStyle.h */ = {isa = PBXFileReference; fileEncoding = 4; lastKnownFileType = sourcecode.c.h; path = MFRegexTextFieldStyle.h; sourceTree = "<group>"; };
		B02156A31B9DAC6E001860B5 /* MFRegexTextFieldStyle.m */ = {isa = PBXFileReference; fileEncoding = 4; lastKnownFileType = sourcecode.c.objc; path = MFRegexTextFieldStyle.m; sourceTree = "<group>"; };
		B02156A41B9DAC6E001860B5 /* MFTextFieldStyle+BackgroundView.h */ = {isa = PBXFileReference; fileEncoding = 4; lastKnownFileType = sourcecode.c.h; path = "MFTextFieldStyle+BackgroundView.h"; sourceTree = "<group>"; };
		B02156A51B9DAC6E001860B5 /* MFTextFieldStyle+BackgroundView.m */ = {isa = PBXFileReference; fileEncoding = 4; lastKnownFileType = sourcecode.c.objc; path = "MFTextFieldStyle+BackgroundView.m"; sourceTree = "<group>"; };
		B02156A61B9DAC6E001860B5 /* MFTextFieldStyle+ErrorView.h */ = {isa = PBXFileReference; fileEncoding = 4; lastKnownFileType = sourcecode.c.h; path = "MFTextFieldStyle+ErrorView.h"; sourceTree = "<group>"; };
		B02156A71B9DAC6E001860B5 /* MFTextFieldStyle+ErrorView.m */ = {isa = PBXFileReference; fileEncoding = 4; lastKnownFileType = sourcecode.c.objc; path = "MFTextFieldStyle+ErrorView.m"; sourceTree = "<group>"; };
		B02156A81B9DAC6E001860B5 /* MFTextFieldStyle+TextLayouting.h */ = {isa = PBXFileReference; fileEncoding = 4; lastKnownFileType = sourcecode.c.h; path = "MFTextFieldStyle+TextLayouting.h"; sourceTree = "<group>"; };
		B02156A91B9DAC6E001860B5 /* MFTextFieldStyle+TextLayouting.m */ = {isa = PBXFileReference; fileEncoding = 4; lastKnownFileType = sourcecode.c.objc; path = "MFTextFieldStyle+TextLayouting.m"; sourceTree = "<group>"; };
		B02156AA1B9DAC6E001860B5 /* MFTextFieldStyle.h */ = {isa = PBXFileReference; fileEncoding = 4; lastKnownFileType = sourcecode.c.h; path = MFTextFieldStyle.h; sourceTree = "<group>"; };
		B02156AB1B9DAC6E001860B5 /* MFTextFieldStyle.m */ = {isa = PBXFileReference; fileEncoding = 4; lastKnownFileType = sourcecode.c.objc; path = MFTextFieldStyle.m; sourceTree = "<group>"; };
		B02156AC1B9DAC6E001860B5 /* MFUIStyleTextField.h */ = {isa = PBXFileReference; fileEncoding = 4; lastKnownFileType = sourcecode.c.h; path = MFUIStyleTextField.h; sourceTree = "<group>"; };
		B02156DA1B9DAD59001860B5 /* MDKBackgroundViewProtocol.h */ = {isa = PBXFileReference; fileEncoding = 4; lastKnownFileType = sourcecode.c.h; path = MDKBackgroundViewProtocol.h; sourceTree = "<group>"; };
		B02156DB1B9DAD59001860B5 /* MDKControlAssociatedLabelProtocol.h */ = {isa = PBXFileReference; fileEncoding = 4; lastKnownFileType = sourcecode.c.h; path = MDKControlAssociatedLabelProtocol.h; sourceTree = "<group>"; };
		B02156DC1B9DAD59001860B5 /* MDKControlAttributesProtocol.h */ = {isa = PBXFileReference; fileEncoding = 4; lastKnownFileType = sourcecode.c.h; path = MDKControlAttributesProtocol.h; sourceTree = "<group>"; };
		B02156DD1B9DAD59001860B5 /* MDKControlDataProtocol.h */ = {isa = PBXFileReference; fileEncoding = 4; lastKnownFileType = sourcecode.c.h; path = MDKControlDataProtocol.h; sourceTree = "<group>"; };
		B02156DE1B9DAD59001860B5 /* MDKControlErrorProtocol.h */ = {isa = PBXFileReference; fileEncoding = 4; lastKnownFileType = sourcecode.c.h; path = MDKControlErrorProtocol.h; sourceTree = "<group>"; };
		B02156DF1B9DAD59001860B5 /* MDKControlPropertiesProtocol.h */ = {isa = PBXFileReference; fileEncoding = 4; lastKnownFileType = sourcecode.c.h; path = MDKControlPropertiesProtocol.h; sourceTree = "<group>"; };
		B02156E01B9DAD59001860B5 /* MDKControlValidationProtocol.h */ = {isa = PBXFileReference; fileEncoding = 4; lastKnownFileType = sourcecode.c.h; path = MDKControlValidationProtocol.h; sourceTree = "<group>"; };
		B02156E11B9DAD59001860B5 /* MFErrorViewProtocol.h */ = {isa = PBXFileReference; fileEncoding = 4; lastKnownFileType = sourcecode.c.h; path = MFErrorViewProtocol.h; sourceTree = "<group>"; };
		B02156E21B9DAD59001860B5 /* MDKControlProtocol.h */ = {isa = PBXFileReference; fileEncoding = 4; lastKnownFileType = sourcecode.c.h; path = MDKControlProtocol.h; sourceTree = "<group>"; };
		B021571F1B9DAE19001860B5 /* MFCommonControlDelegate.h */ = {isa = PBXFileReference; fileEncoding = 4; lastKnownFileType = sourcecode.c.h; path = MFCommonControlDelegate.h; sourceTree = "<group>"; };
		B02157201B9DAE19001860B5 /* MFCommonControlDelegate.m */ = {isa = PBXFileReference; fileEncoding = 4; lastKnownFileType = sourcecode.c.objc; path = MFCommonControlDelegate.m; sourceTree = "<group>"; };
		B02157231B9DAE4C001860B5 /* MDKControlChangesProtocol.h */ = {isa = PBXFileReference; fileEncoding = 4; lastKnownFileType = sourcecode.c.h; path = MDKControlChangesProtocol.h; sourceTree = "<group>"; };
		B02157261B9DAE51001860B5 /* MFControlChangedTargetDescriptor.h */ = {isa = PBXFileReference; fileEncoding = 4; lastKnownFileType = sourcecode.c.h; path = MFControlChangedTargetDescriptor.h; sourceTree = "<group>"; };
		B02157271B9DAE51001860B5 /* MFControlChangedTargetDescriptor.m */ = {isa = PBXFileReference; fileEncoding = 4; lastKnownFileType = sourcecode.c.objc; path = MFControlChangedTargetDescriptor.m; sourceTree = "<group>"; };
		B02157331B9DAE8E001860B5 /* MFRegexTextField.h */ = {isa = PBXFileReference; fileEncoding = 4; lastKnownFileType = sourcecode.c.h; path = MFRegexTextField.h; sourceTree = "<group>"; };
		B02157341B9DAE8E001860B5 /* MFRegexTextField.m */ = {isa = PBXFileReference; fileEncoding = 4; lastKnownFileType = sourcecode.c.objc; path = MFRegexTextField.m; sourceTree = "<group>"; };
		B02157441B9DAEEA001860B5 /* MFDoubleFieldValidator.h */ = {isa = PBXFileReference; fileEncoding = 4; lastKnownFileType = sourcecode.c.h; path = MFDoubleFieldValidator.h; sourceTree = "<group>"; };
		B02157451B9DAEEA001860B5 /* MFDoubleFieldValidator.m */ = {isa = PBXFileReference; fileEncoding = 4; lastKnownFileType = sourcecode.c.objc; path = MFDoubleFieldValidator.m; sourceTree = "<group>"; };
		B02157461B9DAEEA001860B5 /* MFEmailFieldValidator.h */ = {isa = PBXFileReference; fileEncoding = 4; lastKnownFileType = sourcecode.c.h; path = MFEmailFieldValidator.h; sourceTree = "<group>"; };
		B02157471B9DAEEA001860B5 /* MFEmailFieldValidator.m */ = {isa = PBXFileReference; fileEncoding = 4; lastKnownFileType = sourcecode.c.objc; path = MFEmailFieldValidator.m; sourceTree = "<group>"; };
		B02157481B9DAEEA001860B5 /* MFFieldValidatorHandler.h */ = {isa = PBXFileReference; fileEncoding = 4; lastKnownFileType = sourcecode.c.h; path = MFFieldValidatorHandler.h; sourceTree = "<group>"; };
		B02157491B9DAEEA001860B5 /* MFFieldValidatorHandler.m */ = {isa = PBXFileReference; fileEncoding = 4; lastKnownFileType = sourcecode.c.objc; path = MFFieldValidatorHandler.m; sourceTree = "<group>"; };
		B021574A1B9DAEEA001860B5 /* MFFieldValidatorProtocol.h */ = {isa = PBXFileReference; fileEncoding = 4; lastKnownFileType = sourcecode.c.h; path = MFFieldValidatorProtocol.h; sourceTree = "<group>"; };
		B021574D1B9DAEEA001860B5 /* MFIntegerFieldValidator.h */ = {isa = PBXFileReference; fileEncoding = 4; lastKnownFileType = sourcecode.c.h; path = MFIntegerFieldValidator.h; sourceTree = "<group>"; };
		B021574E1B9DAEEA001860B5 /* MFIntegerFieldValidator.m */ = {isa = PBXFileReference; fileEncoding = 4; lastKnownFileType = sourcecode.c.objc; path = MFIntegerFieldValidator.m; sourceTree = "<group>"; };
		B021574F1B9DAEEA001860B5 /* MFLengthFieldValidator.h */ = {isa = PBXFileReference; fileEncoding = 4; lastKnownFileType = sourcecode.c.h; path = MFLengthFieldValidator.h; sourceTree = "<group>"; };
		B02157501B9DAEEA001860B5 /* MFLengthFieldValidator.m */ = {isa = PBXFileReference; fileEncoding = 4; lastKnownFileType = sourcecode.c.objc; path = MFLengthFieldValidator.m; sourceTree = "<group>"; };
		B02157511B9DAEEA001860B5 /* MFMandatoryFieldValidator.h */ = {isa = PBXFileReference; fileEncoding = 4; lastKnownFileType = sourcecode.c.h; path = MFMandatoryFieldValidator.h; sourceTree = "<group>"; };
		B02157521B9DAEEA001860B5 /* MFMandatoryFieldValidator.m */ = {isa = PBXFileReference; fileEncoding = 4; lastKnownFileType = sourcecode.c.objc; path = MFMandatoryFieldValidator.m; sourceTree = "<group>"; };
		B02157531B9DAEEA001860B5 /* MFPhoneFieldValidator.h */ = {isa = PBXFileReference; fileEncoding = 4; lastKnownFileType = sourcecode.c.h; path = MFPhoneFieldValidator.h; sourceTree = "<group>"; };
		B02157541B9DAEEA001860B5 /* MFPhoneFieldValidator.m */ = {isa = PBXFileReference; fileEncoding = 4; lastKnownFileType = sourcecode.c.objc; path = MFPhoneFieldValidator.m; sourceTree = "<group>"; };
		B02157551B9DAEEA001860B5 /* MFUIFieldValidator.h */ = {isa = PBXFileReference; fileEncoding = 4; lastKnownFileType = sourcecode.c.h; path = MFUIFieldValidator.h; sourceTree = "<group>"; };
		B02157561B9DAEEA001860B5 /* MFUrlFieldValidator.h */ = {isa = PBXFileReference; fileEncoding = 4; lastKnownFileType = sourcecode.c.h; path = MFUrlFieldValidator.h; sourceTree = "<group>"; };
		B02157571B9DAEEA001860B5 /* MFUrlFieldValidator.m */ = {isa = PBXFileReference; fileEncoding = 4; lastKnownFileType = sourcecode.c.objc; path = MFUrlFieldValidator.m; sourceTree = "<group>"; };
		B021576D1B9DAF30001860B5 /* MFUIErrorView.h */ = {isa = PBXFileReference; fileEncoding = 4; lastKnownFileType = sourcecode.c.h; path = MFUIErrorView.h; sourceTree = "<group>"; };
		B021576E1B9DAF30001860B5 /* MFUIErrorView.m */ = {isa = PBXFileReference; fileEncoding = 4; lastKnownFileType = sourcecode.c.objc; path = MFUIErrorView.m; sourceTree = "<group>"; };
		B02157701B9DAF30001860B5 /* InvalidTooltipView.h */ = {isa = PBXFileReference; fileEncoding = 4; lastKnownFileType = sourcecode.c.h; path = InvalidTooltipView.h; sourceTree = "<group>"; };
		B02157711B9DAF30001860B5 /* InvalidTooltipView.m */ = {isa = PBXFileReference; fileEncoding = 4; lastKnownFileType = sourcecode.c.objc; path = InvalidTooltipView.m; sourceTree = "<group>"; };
		B02157721B9DAF30001860B5 /* MFUIControlTooltip.h */ = {isa = PBXFileReference; fileEncoding = 4; lastKnownFileType = sourcecode.c.h; path = MFUIControlTooltip.h; sourceTree = "<group>"; };
		B02157741B9DAF30001860B5 /* JDFSequentialTooltipManager.h */ = {isa = PBXFileReference; fileEncoding = 4; lastKnownFileType = sourcecode.c.h; path = JDFSequentialTooltipManager.h; sourceTree = "<group>"; };
		B02157751B9DAF30001860B5 /* JDFSequentialTooltipManager.m */ = {isa = PBXFileReference; fileEncoding = 4; lastKnownFileType = sourcecode.c.objc; path = JDFSequentialTooltipManager.m; sourceTree = "<group>"; };
		B02157761B9DAF30001860B5 /* JDFTooltipManager.h */ = {isa = PBXFileReference; fileEncoding = 4; lastKnownFileType = sourcecode.c.h; path = JDFTooltipManager.h; sourceTree = "<group>"; };
		B02157771B9DAF30001860B5 /* JDFTooltipManager.m */ = {isa = PBXFileReference; fileEncoding = 4; lastKnownFileType = sourcecode.c.objc; path = JDFTooltipManager.m; sourceTree = "<group>"; };
		B02157781B9DAF30001860B5 /* JDFTooltips.h */ = {isa = PBXFileReference; fileEncoding = 4; lastKnownFileType = sourcecode.c.h; path = JDFTooltips.h; sourceTree = "<group>"; };
		B02157791B9DAF30001860B5 /* JDFTooltipView.h */ = {isa = PBXFileReference; fileEncoding = 4; lastKnownFileType = sourcecode.c.h; path = JDFTooltipView.h; sourceTree = "<group>"; };
		B021577A1B9DAF30001860B5 /* JDFTooltipView.m */ = {isa = PBXFileReference; fileEncoding = 4; lastKnownFileType = sourcecode.c.objc; path = JDFTooltipView.m; sourceTree = "<group>"; };
		B021577B1B9DAF30001860B5 /* UILabel+JDFTooltips.h */ = {isa = PBXFileReference; fileEncoding = 4; lastKnownFileType = sourcecode.c.h; path = "UILabel+JDFTooltips.h"; sourceTree = "<group>"; };
		B021577C1B9DAF30001860B5 /* UILabel+JDFTooltips.m */ = {isa = PBXFileReference; fileEncoding = 4; lastKnownFileType = sourcecode.c.objc; path = "UILabel+JDFTooltips.m"; sourceTree = "<group>"; };
		B021577D1B9DAF30001860B5 /* UIView+JDFTooltips.h */ = {isa = PBXFileReference; fileEncoding = 4; lastKnownFileType = sourcecode.c.h; path = "UIView+JDFTooltips.h"; sourceTree = "<group>"; };
		B021577E1B9DAF30001860B5 /* UIView+JDFTooltips.m */ = {isa = PBXFileReference; fileEncoding = 4; lastKnownFileType = sourcecode.c.objc; path = "UIView+JDFTooltips.m"; sourceTree = "<group>"; };
		B021577F1B9DAF30001860B5 /* TooltipView.h */ = {isa = PBXFileReference; fileEncoding = 4; lastKnownFileType = sourcecode.c.h; path = TooltipView.h; sourceTree = "<group>"; };
		B02157801B9DAF30001860B5 /* TooltipView.m */ = {isa = PBXFileReference; fileEncoding = 4; lastKnownFileType = sourcecode.c.objc; path = TooltipView.m; sourceTree = "<group>"; };
		B02157811B9DAF30001860B5 /* TooltipViewPrivate.h */ = {isa = PBXFileReference; fileEncoding = 4; lastKnownFileType = sourcecode.c.h; path = TooltipViewPrivate.h; sourceTree = "<group>"; };
		B02157821B9DAF30001860B5 /* ValidTooltipView.h */ = {isa = PBXFileReference; fileEncoding = 4; lastKnownFileType = sourcecode.c.h; path = ValidTooltipView.h; sourceTree = "<group>"; };
		B02157831B9DAF30001860B5 /* ValidTooltipView.m */ = {isa = PBXFileReference; fileEncoding = 4; lastKnownFileType = sourcecode.c.objc; path = ValidTooltipView.m; sourceTree = "<group>"; };
		B02157841B9DAF30001860B5 /* MFTooLongStringUIValidationError.h */ = {isa = PBXFileReference; fileEncoding = 4; lastKnownFileType = sourcecode.c.h; path = MFTooLongStringUIValidationError.h; sourceTree = "<group>"; };
		B02157851B9DAF30001860B5 /* MFTooLongStringUIValidationError.m */ = {isa = PBXFileReference; fileEncoding = 4; lastKnownFileType = sourcecode.c.objc; path = MFTooLongStringUIValidationError.m; sourceTree = "<group>"; };
		B02157861B9DAF30001860B5 /* MFTooShortStringUIValidationError.h */ = {isa = PBXFileReference; fileEncoding = 4; lastKnownFileType = sourcecode.c.h; path = MFTooShortStringUIValidationError.h; sourceTree = "<group>"; };
		B02157871B9DAF30001860B5 /* MFTooShortStringUIValidationError.m */ = {isa = PBXFileReference; fileEncoding = 4; lastKnownFileType = sourcecode.c.objc; path = MFTooShortStringUIValidationError.m; sourceTree = "<group>"; };
		B02157881B9DAF30001860B5 /* MFInvalidDoubleValueUIValidationError.h */ = {isa = PBXFileReference; fileEncoding = 4; lastKnownFileType = sourcecode.c.h; path = MFInvalidDoubleValueUIValidationError.h; sourceTree = "<group>"; };
		B02157891B9DAF30001860B5 /* MFInvalidDoubleValueUIValidationError.m */ = {isa = PBXFileReference; fileEncoding = 4; lastKnownFileType = sourcecode.c.objc; path = MFInvalidDoubleValueUIValidationError.m; sourceTree = "<group>"; };
		B021578A1B9DAF30001860B5 /* MFInvalidEmailValueUIValidationError.h */ = {isa = PBXFileReference; fileEncoding = 4; lastKnownFileType = sourcecode.c.h; path = MFInvalidEmailValueUIValidationError.h; sourceTree = "<group>"; };
		B021578B1B9DAF30001860B5 /* MFInvalidEmailValueUIValidationError.m */ = {isa = PBXFileReference; fileEncoding = 4; lastKnownFileType = sourcecode.c.objc; path = MFInvalidEmailValueUIValidationError.m; sourceTree = "<group>"; };
		B021578C1B9DAF30001860B5 /* MFInvalidIntegerValueUIValidationError.h */ = {isa = PBXFileReference; fileEncoding = 4; lastKnownFileType = sourcecode.c.h; path = MFInvalidIntegerValueUIValidationError.h; sourceTree = "<group>"; };
		B021578D1B9DAF30001860B5 /* MFInvalidIntegerValueUIValidationError.m */ = {isa = PBXFileReference; fileEncoding = 4; lastKnownFileType = sourcecode.c.objc; path = MFInvalidIntegerValueUIValidationError.m; sourceTree = "<group>"; };
		B021578E1B9DAF30001860B5 /* MFInvalidLocationValueUIValidationError.h */ = {isa = PBXFileReference; fileEncoding = 4; lastKnownFileType = sourcecode.c.h; path = MFInvalidLocationValueUIValidationError.h; sourceTree = "<group>"; };
		B021578F1B9DAF30001860B5 /* MFInvalidLocationValueUIValidationError.m */ = {isa = PBXFileReference; fileEncoding = 4; lastKnownFileType = sourcecode.c.objc; path = MFInvalidLocationValueUIValidationError.m; sourceTree = "<group>"; };
		B02157901B9DAF30001860B5 /* MFInvalidPhoneNumberValueUIValidationError.h */ = {isa = PBXFileReference; fileEncoding = 4; lastKnownFileType = sourcecode.c.h; path = MFInvalidPhoneNumberValueUIValidationError.h; sourceTree = "<group>"; };
		B02157911B9DAF30001860B5 /* MFInvalidPhoneNumberValueUIValidationError.m */ = {isa = PBXFileReference; fileEncoding = 4; lastKnownFileType = sourcecode.c.objc; path = MFInvalidPhoneNumberValueUIValidationError.m; sourceTree = "<group>"; };
		B02157921B9DAF30001860B5 /* MFInvalidUrlValueUIValidationError.h */ = {isa = PBXFileReference; fileEncoding = 4; lastKnownFileType = sourcecode.c.h; path = MFInvalidUrlValueUIValidationError.h; sourceTree = "<group>"; };
		B02157931B9DAF30001860B5 /* MFInvalidUrlValueUIValidationError.m */ = {isa = PBXFileReference; fileEncoding = 4; lastKnownFileType = sourcecode.c.objc; path = MFInvalidUrlValueUIValidationError.m; sourceTree = "<group>"; };
		B02157941B9DAF30001860B5 /* MFMandatoryFieldUIValidationError.h */ = {isa = PBXFileReference; fileEncoding = 4; lastKnownFileType = sourcecode.c.h; path = MFMandatoryFieldUIValidationError.h; sourceTree = "<group>"; };
		B02157951B9DAF30001860B5 /* MFMandatoryFieldUIValidationError.m */ = {isa = PBXFileReference; fileEncoding = 4; lastKnownFileType = sourcecode.c.objc; path = MFMandatoryFieldUIValidationError.m; sourceTree = "<group>"; };
		B02157961B9DAF30001860B5 /* MFNoMatchingValueUIValidationError.h */ = {isa = PBXFileReference; fileEncoding = 4; lastKnownFileType = sourcecode.c.h; path = MFNoMatchingValueUIValidationError.h; sourceTree = "<group>"; };
		B02157971B9DAF30001860B5 /* MFNoMatchingValueUIValidationError.m */ = {isa = PBXFileReference; fileEncoding = 4; lastKnownFileType = sourcecode.c.objc; path = MFNoMatchingValueUIValidationError.m; sourceTree = "<group>"; };
		B021579C1B9DAF30001860B5 /* MFUIValidationError.h */ = {isa = PBXFileReference; fileEncoding = 4; lastKnownFileType = sourcecode.c.h; path = MFUIValidationError.h; sourceTree = "<group>"; };
		B021579D1B9DAF30001860B5 /* MFUIValidationError.m */ = {isa = PBXFileReference; fileEncoding = 4; lastKnownFileType = sourcecode.c.objc; path = MFUIValidationError.m; sourceTree = "<group>"; };
		B02157D01B9DAFA0001860B5 /* MFComponentApplicationProtocol.h */ = {isa = PBXFileReference; fileEncoding = 4; lastKnownFileType = sourcecode.c.h; path = MFComponentApplicationProtocol.h; sourceTree = "<group>"; };
		B02157D11B9DAFA0001860B5 /* MFComponentProviderProtocol.h */ = {isa = PBXFileReference; fileEncoding = 4; lastKnownFileType = sourcecode.c.h; path = MFComponentProviderProtocol.h; sourceTree = "<group>"; };
		B02157D21B9DAFA0001860B5 /* MFSimpleComponentProvider.h */ = {isa = PBXFileReference; fileEncoding = 4; lastKnownFileType = sourcecode.c.h; path = MFSimpleComponentProvider.h; sourceTree = "<group>"; };
		B02157D31B9DAFA0001860B5 /* MFSimpleComponentProvider.m */ = {isa = PBXFileReference; fileEncoding = 4; lastKnownFileType = sourcecode.c.objc; path = MFSimpleComponentProvider.m; sourceTree = "<group>"; };
		B02157D41B9DAFA0001860B5 /* MFUIComponentProvider.h */ = {isa = PBXFileReference; fileEncoding = 4; lastKnownFileType = sourcecode.c.h; path = MFUIComponentProvider.h; sourceTree = "<group>"; };
		B02157DC1B9DB124001860B5 /* MFUIBaseRenderableComponent.m */ = {isa = PBXFileReference; fileEncoding = 4; lastKnownFileType = sourcecode.c.objc; path = MFUIBaseRenderableComponent.m; sourceTree = "<group>"; };
		B02157DD1B9DB124001860B5 /* MFUIBaseRenderableComponent.h */ = {isa = PBXFileReference; fileEncoding = 4; lastKnownFileType = sourcecode.c.h; path = MFUIBaseRenderableComponent.h; sourceTree = "<group>"; };
		B02157E01B9DB145001860B5 /* MFUIBaseComponent.h */ = {isa = PBXFileReference; fileEncoding = 4; lastKnownFileType = sourcecode.c.h; path = MFUIBaseComponent.h; sourceTree = "<group>"; };
		B02157E11B9DB145001860B5 /* MFUIBaseComponent.m */ = {isa = PBXFileReference; fileEncoding = 4; lastKnownFileType = sourcecode.c.objc; path = MFUIBaseComponent.m; sourceTree = "<group>"; };
		B02157E41B9DB17F001860B5 /* MFViewTags.h */ = {isa = PBXFileReference; fileEncoding = 4; lastKnownFileType = sourcecode.c.h; path = MFViewTags.h; sourceTree = "<group>"; };
		B02157E51B9DB17F001860B5 /* MFViewTags.m */ = {isa = PBXFileReference; fileEncoding = 4; lastKnownFileType = sourcecode.c.objc; path = MFViewTags.m; sourceTree = "<group>"; };
		B02157E91B9DB207001860B5 /* MFBaseTextExtensionProtocol.h */ = {isa = PBXFileReference; fileEncoding = 4; lastKnownFileType = sourcecode.c.h; path = MFBaseTextExtensionProtocol.h; sourceTree = "<group>"; };
		B02157EA1B9DB207001860B5 /* MFEnumExtension.h */ = {isa = PBXFileReference; fileEncoding = 4; lastKnownFileType = sourcecode.c.h; path = MFEnumExtension.h; sourceTree = "<group>"; };
		B02157EB1B9DB207001860B5 /* MFEnumExtension.m */ = {isa = PBXFileReference; fileEncoding = 4; lastKnownFileType = sourcecode.c.objc; path = MFEnumExtension.m; sourceTree = "<group>"; };
		B02157F01B9DB207001860B5 /* MFRegexTextExtensionProtocol.h */ = {isa = PBXFileReference; fileEncoding = 4; lastKnownFileType = sourcecode.c.h; path = MFRegexTextExtensionProtocol.h; sourceTree = "<group>"; };
		B02157F11B9DB207001860B5 /* MFRegularExpressionTextFieldExtension.h */ = {isa = PBXFileReference; fileEncoding = 4; lastKnownFileType = sourcecode.c.h; path = MFRegularExpressionTextFieldExtension.h; sourceTree = "<group>"; };
		B02157F21B9DB207001860B5 /* MFRegularExpressionTextFieldExtension.m */ = {isa = PBXFileReference; fileEncoding = 4; lastKnownFileType = sourcecode.c.objc; path = MFRegularExpressionTextFieldExtension.m; sourceTree = "<group>"; };
		B02157F31B9DB207001860B5 /* MFTextFieldExtension.h */ = {isa = PBXFileReference; fileEncoding = 4; lastKnownFileType = sourcecode.c.h; path = MFTextFieldExtension.h; sourceTree = "<group>"; };
		B02157F41B9DB207001860B5 /* MFTextFieldExtension.m */ = {isa = PBXFileReference; fileEncoding = 4; lastKnownFileType = sourcecode.c.objc; path = MFTextFieldExtension.m; sourceTree = "<group>"; };
		B02157F51B9DB207001860B5 /* MFUIControlExtension.h */ = {isa = PBXFileReference; fileEncoding = 4; lastKnownFileType = sourcecode.c.h; path = MFUIControlExtension.h; sourceTree = "<group>"; };
		B02158041B9DB27D001860B5 /* MFAlertView.h */ = {isa = PBXFileReference; fileEncoding = 4; lastKnownFileType = sourcecode.c.h; path = MFAlertView.h; sourceTree = "<group>"; };
		B02158051B9DB27D001860B5 /* MFAlertView.m */ = {isa = PBXFileReference; fileEncoding = 4; lastKnownFileType = sourcecode.c.objc; path = MFAlertView.m; sourceTree = "<group>"; };
		B02158061B9DB27D001860B5 /* MFAlertViewManager.h */ = {isa = PBXFileReference; fileEncoding = 4; lastKnownFileType = sourcecode.c.h; path = MFAlertViewManager.h; sourceTree = "<group>"; };
		B02158071B9DB27D001860B5 /* MFAlertViewManager.m */ = {isa = PBXFileReference; fileEncoding = 4; lastKnownFileType = sourcecode.c.objc; path = MFAlertViewManager.m; sourceTree = "<group>"; };
		B02158081B9DB27D001860B5 /* MFUIAlertView.h */ = {isa = PBXFileReference; fileEncoding = 4; lastKnownFileType = sourcecode.c.h; path = MFUIAlertView.h; sourceTree = "<group>"; };
		B021580F1B9DB2EE001860B5 /* MFLabel.h */ = {isa = PBXFileReference; fileEncoding = 4; lastKnownFileType = sourcecode.c.h; path = MFLabel.h; sourceTree = "<group>"; };
		B02158101B9DB2EE001860B5 /* MFLabel.m */ = {isa = PBXFileReference; fileEncoding = 4; lastKnownFileType = sourcecode.c.objc; path = MFLabel.m; sourceTree = "<group>"; };
		B02158111B9DB2EE001860B5 /* MFUIControlLabel.h */ = {isa = PBXFileReference; fileEncoding = 4; lastKnownFileType = sourcecode.c.h; path = MFUIControlLabel.h; sourceTree = "<group>"; };
		B02158151B9DBA7F001860B5 /* MFConstants.h */ = {isa = PBXFileReference; fileEncoding = 4; lastKnownFileType = sourcecode.c.h; path = MFConstants.h; sourceTree = "<group>"; };
		B02158161B9DBA7F001860B5 /* MFConstants.m */ = {isa = PBXFileReference; fileEncoding = 4; lastKnownFileType = sourcecode.c.objc; path = MFConstants.m; sourceTree = "<group>"; };
		B021581C1B9DBC8C001860B5 /* MDKCommandHandler.h */ = {isa = PBXFileReference; fileEncoding = 4; lastKnownFileType = sourcecode.c.h; path = MDKCommandHandler.h; sourceTree = "<group>"; };
		B021581D1B9DBC8C001860B5 /* MDKCommandHandler.m */ = {isa = PBXFileReference; fileEncoding = 4; lastKnownFileType = sourcecode.c.objc; path = MDKCommandHandler.m; sourceTree = "<group>"; };
		B021581E1B9DBC8C001860B5 /* MDKCommandProtocol.h */ = {isa = PBXFileReference; fileEncoding = 4; lastKnownFileType = sourcecode.c.h; path = MDKCommandProtocol.h; sourceTree = "<group>"; };
		B02158271B9DBC8C001860B5 /* MFUICommand.h */ = {isa = PBXFileReference; fileEncoding = 4; lastKnownFileType = sourcecode.c.h; path = MFUICommand.h; sourceTree = "<group>"; };
		B0FFDA661B33FAFB00CA6E5E /* MDKControl.framework */ = {isa = PBXFileReference; explicitFileType = wrapper.framework; includeInIndex = 0; path = MDKControl.framework; sourceTree = BUILT_PRODUCTS_DIR; };
		B0FFDA6A1B33FAFB00CA6E5E /* Info.plist */ = {isa = PBXFileReference; lastKnownFileType = text.plist.xml; path = Info.plist; sourceTree = "<group>"; };
		B0FFDA6B1B33FAFB00CA6E5E /* MDKControl.h */ = {isa = PBXFileReference; lastKnownFileType = sourcecode.c.h; path = MDKControl.h; sourceTree = "<group>"; };
		B0FFDA711B33FAFB00CA6E5E /* MDKControlTests.xctest */ = {isa = PBXFileReference; explicitFileType = wrapper.cfbundle; includeInIndex = 0; path = MDKControlTests.xctest; sourceTree = BUILT_PRODUCTS_DIR; };
		B0FFDA771B33FAFB00CA6E5E /* Info.plist */ = {isa = PBXFileReference; lastKnownFileType = text.plist.xml; path = Info.plist; sourceTree = "<group>"; };
		B0FFDA781B33FAFB00CA6E5E /* MDKControlTests.m */ = {isa = PBXFileReference; lastKnownFileType = sourcecode.c.objc; path = MDKControlTests.m; sourceTree = "<group>"; };
		B0FFDA8F1B33FBB800CA6E5E /* UIKit.framework */ = {isa = PBXFileReference; lastKnownFileType = wrapper.framework; name = UIKit.framework; path = System/Library/Frameworks/UIKit.framework; sourceTree = SDKROOT; };
		B0FFDA911B33FBEB00CA6E5E /* MDKControl-Prefix.pch */ = {isa = PBXFileReference; lastKnownFileType = sourcecode.c.h; path = "MDKControl-Prefix.pch"; sourceTree = "<group>"; };
/* End PBXFileReference section */

/* Begin PBXFrameworksBuildPhase section */
		B0FFDA621B33FAFB00CA6E5E /* Frameworks */ = {
			isa = PBXFrameworksBuildPhase;
			buildActionMask = 2147483647;
			files = (
				B0FFDA901B33FBB800CA6E5E /* UIKit.framework in Frameworks */,
			);
			runOnlyForDeploymentPostprocessing = 0;
		};
		B0FFDA6E1B33FAFB00CA6E5E /* Frameworks */ = {
			isa = PBXFrameworksBuildPhase;
			buildActionMask = 2147483647;
			files = (
				B0FFDA721B33FAFB00CA6E5E /* MDKControl.framework in Frameworks */,
			);
			runOnlyForDeploymentPostprocessing = 0;
		};
/* End PBXFrameworksBuildPhase section */

/* Begin PBXGroup section */
		B02156731B9DAB93001860B5 /* control */ = {
			isa = PBXGroup;
			children = (
				B02157E81B9DB207001860B5 /* extension */,
				B02157E41B9DB17F001860B5 /* MFViewTags.h */,
				B02157E51B9DB17F001860B5 /* MFViewTags.m */,
				B02157E01B9DB145001860B5 /* MFUIBaseComponent.h */,
				B02157E11B9DB145001860B5 /* MFUIBaseComponent.m */,
				B02157DC1B9DB124001860B5 /* MFUIBaseRenderableComponent.m */,
				B02157DD1B9DB124001860B5 /* MFUIBaseRenderableComponent.h */,
				B021571E1B9DAE19001860B5 /* delegate */,
				B02156741B9DAB93001860B5 /* textfield */,
			);
			path = control;
			sourceTree = "<group>";
		};
		B02156741B9DAB93001860B5 /* textfield */ = {
			isa = PBXGroup;
			children = (
				B021572A1B9DAE8E001860B5 /* regex */,
				B02156751B9DAB93001860B5 /* MFTextField.h */,
				B02156761B9DAB93001860B5 /* MFTextField.m */,
			);
			path = textfield;
			sourceTree = "<group>";
		};
		B02156881B9DAC6E001860B5 /* style */ = {
			isa = PBXGroup;
			children = (
				B02156891B9DAC6E001860B5 /* commons */,
				B02156901B9DAC6E001860B5 /* label */,
				B02156941B9DAC6E001860B5 /* MFUIStyle.h */,
				B02156951B9DAC6E001860B5 /* textfield */,
			);
			path = style;
			sourceTree = "<group>";
		};
		B02156891B9DAC6E001860B5 /* commons */ = {
			isa = PBXGroup;
			children = (
				B021568A1B9DAC6E001860B5 /* MFDefaultStyle.h */,
				B021568B1B9DAC6E001860B5 /* MFDefaultStyle.m */,
				B021568C1B9DAC6E001860B5 /* MFStyleProtocol.h */,
				B021568D1B9DAC6E001860B5 /* MFUIStyleCommons.h */,
				B021568E1B9DAC6E001860B5 /* UIView+Styleable.h */,
				B021568F1B9DAC6E001860B5 /* UIView+Styleable.m */,
			);
			path = commons;
			sourceTree = "<group>";
		};
		B02156901B9DAC6E001860B5 /* label */ = {
			isa = PBXGroup;
			children = (
				B02156911B9DAC6E001860B5 /* MFLabelStyle.h */,
				B02156921B9DAC6E001860B5 /* MFLabelStyle.m */,
				B02156931B9DAC6E001860B5 /* MFUIStyleLabel.h */,
			);
			path = label;
			sourceTree = "<group>";
		};
		B02156951B9DAC6E001860B5 /* textfield */ = {
			isa = PBXGroup;
			children = (
				B02156A01B9DAC6E001860B5 /* MFRegexTextFieldStyle+Button.h */,
				B02156A11B9DAC6E001860B5 /* MFRegexTextFieldStyle+Button.m */,
				B02156A21B9DAC6E001860B5 /* MFRegexTextFieldStyle.h */,
				B02156A31B9DAC6E001860B5 /* MFRegexTextFieldStyle.m */,
				B02156A41B9DAC6E001860B5 /* MFTextFieldStyle+BackgroundView.h */,
				B02156A51B9DAC6E001860B5 /* MFTextFieldStyle+BackgroundView.m */,
				B02156A61B9DAC6E001860B5 /* MFTextFieldStyle+ErrorView.h */,
				B02156A71B9DAC6E001860B5 /* MFTextFieldStyle+ErrorView.m */,
				B02156A81B9DAC6E001860B5 /* MFTextFieldStyle+TextLayouting.h */,
				B02156A91B9DAC6E001860B5 /* MFTextFieldStyle+TextLayouting.m */,
				B02156AA1B9DAC6E001860B5 /* MFTextFieldStyle.h */,
				B02156AB1B9DAC6E001860B5 /* MFTextFieldStyle.m */,
				B02156AC1B9DAC6E001860B5 /* MFUIStyleTextField.h */,
			);
			path = textfield;
			sourceTree = "<group>";
		};
		B02156D91B9DAD59001860B5 /* protocol */ = {
			isa = PBXGroup;
			children = (
				B02157231B9DAE4C001860B5 /* MDKControlChangesProtocol.h */,
				B02156DA1B9DAD59001860B5 /* MDKBackgroundViewProtocol.h */,
				B02156DB1B9DAD59001860B5 /* MDKControlAssociatedLabelProtocol.h */,
				B02156DC1B9DAD59001860B5 /* MDKControlAttributesProtocol.h */,
				B02156DD1B9DAD59001860B5 /* MDKControlDataProtocol.h */,
				B02156DE1B9DAD59001860B5 /* MDKControlErrorProtocol.h */,
				B02156DF1B9DAD59001860B5 /* MDKControlPropertiesProtocol.h */,
				B02156E01B9DAD59001860B5 /* MDKControlValidationProtocol.h */,
				B02156E11B9DAD59001860B5 /* MFErrorViewProtocol.h */,
				B02156E21B9DAD59001860B5 /* MDKControlProtocol.h */,
			);
			path = protocol;
			sourceTree = "<group>";
		};
		B02156F11B9DADE5001860B5 /* error */ = {
			isa = PBXGroup;
			children = (
				B021576C1B9DAF30001860B5 /* view */,
				B02157841B9DAF30001860B5 /* MFTooLongStringUIValidationError.h */,
				B02157851B9DAF30001860B5 /* MFTooLongStringUIValidationError.m */,
				B02157861B9DAF30001860B5 /* MFTooShortStringUIValidationError.h */,
				B02157871B9DAF30001860B5 /* MFTooShortStringUIValidationError.m */,
				B02157881B9DAF30001860B5 /* MFInvalidDoubleValueUIValidationError.h */,
				B02157891B9DAF30001860B5 /* MFInvalidDoubleValueUIValidationError.m */,
				B021578A1B9DAF30001860B5 /* MFInvalidEmailValueUIValidationError.h */,
				B021578B1B9DAF30001860B5 /* MFInvalidEmailValueUIValidationError.m */,
				B021578C1B9DAF30001860B5 /* MFInvalidIntegerValueUIValidationError.h */,
				B021578D1B9DAF30001860B5 /* MFInvalidIntegerValueUIValidationError.m */,
				B021578E1B9DAF30001860B5 /* MFInvalidLocationValueUIValidationError.h */,
				B021578F1B9DAF30001860B5 /* MFInvalidLocationValueUIValidationError.m */,
				B02157901B9DAF30001860B5 /* MFInvalidPhoneNumberValueUIValidationError.h */,
				B02157911B9DAF30001860B5 /* MFInvalidPhoneNumberValueUIValidationError.m */,
				B02157921B9DAF30001860B5 /* MFInvalidUrlValueUIValidationError.h */,
				B02157931B9DAF30001860B5 /* MFInvalidUrlValueUIValidationError.m */,
				B02157941B9DAF30001860B5 /* MFMandatoryFieldUIValidationError.h */,
				B02157951B9DAF30001860B5 /* MFMandatoryFieldUIValidationError.m */,
				B02157961B9DAF30001860B5 /* MFNoMatchingValueUIValidationError.h */,
				B02157971B9DAF30001860B5 /* MFNoMatchingValueUIValidationError.m */,
				B021579C1B9DAF30001860B5 /* MFUIValidationError.h */,
				B021579D1B9DAF30001860B5 /* MFUIValidationError.m */,
			);
			path = error;
			sourceTree = "<group>";
		};
		B021571E1B9DAE19001860B5 /* delegate */ = {
			isa = PBXGroup;
			children = (
				B021571F1B9DAE19001860B5 /* MFCommonControlDelegate.h */,
				B02157201B9DAE19001860B5 /* MFCommonControlDelegate.m */,
			);
			path = delegate;
			sourceTree = "<group>";
		};
		B02157251B9DAE51001860B5 /* changes */ = {
			isa = PBXGroup;
			children = (
				B02157261B9DAE51001860B5 /* MFControlChangedTargetDescriptor.h */,
				B02157271B9DAE51001860B5 /* MFControlChangedTargetDescriptor.m */,
			);
			path = changes;
			sourceTree = "<group>";
		};
		B021572A1B9DAE8E001860B5 /* regex */ = {
			isa = PBXGroup;
			children = (
				B02157331B9DAE8E001860B5 /* MFRegexTextField.h */,
				B02157341B9DAE8E001860B5 /* MFRegexTextField.m */,
			);
			path = regex;
			sourceTree = "<group>";
		};
		B02157431B9DAEEA001860B5 /* fieldValidator */ = {
			isa = PBXGroup;
			children = (
				B02157441B9DAEEA001860B5 /* MFDoubleFieldValidator.h */,
				B02157451B9DAEEA001860B5 /* MFDoubleFieldValidator.m */,
				B02157461B9DAEEA001860B5 /* MFEmailFieldValidator.h */,
				B02157471B9DAEEA001860B5 /* MFEmailFieldValidator.m */,
				B02157481B9DAEEA001860B5 /* MFFieldValidatorHandler.h */,
				B02157491B9DAEEA001860B5 /* MFFieldValidatorHandler.m */,
				B021574A1B9DAEEA001860B5 /* MFFieldValidatorProtocol.h */,
				B021574D1B9DAEEA001860B5 /* MFIntegerFieldValidator.h */,
				B021574E1B9DAEEA001860B5 /* MFIntegerFieldValidator.m */,
				B021574F1B9DAEEA001860B5 /* MFLengthFieldValidator.h */,
				B02157501B9DAEEA001860B5 /* MFLengthFieldValidator.m */,
				B02157511B9DAEEA001860B5 /* MFMandatoryFieldValidator.h */,
				B02157521B9DAEEA001860B5 /* MFMandatoryFieldValidator.m */,
				B02157531B9DAEEA001860B5 /* MFPhoneFieldValidator.h */,
				B02157541B9DAEEA001860B5 /* MFPhoneFieldValidator.m */,
				B02157551B9DAEEA001860B5 /* MFUIFieldValidator.h */,
				B02157561B9DAEEA001860B5 /* MFUrlFieldValidator.h */,
				B02157571B9DAEEA001860B5 /* MFUrlFieldValidator.m */,
			);
			path = fieldValidator;
			sourceTree = "<group>";
		};
		B021576C1B9DAF30001860B5 /* view */ = {
			isa = PBXGroup;
			children = (
				B021576D1B9DAF30001860B5 /* MFUIErrorView.h */,
				B021576E1B9DAF30001860B5 /* MFUIErrorView.m */,
				B021576F1B9DAF30001860B5 /* tooltip */,
			);
			path = view;
			sourceTree = "<group>";
		};
		B021576F1B9DAF30001860B5 /* tooltip */ = {
			isa = PBXGroup;
			children = (
				B02157701B9DAF30001860B5 /* InvalidTooltipView.h */,
				B02157711B9DAF30001860B5 /* InvalidTooltipView.m */,
				B02157721B9DAF30001860B5 /* MFUIControlTooltip.h */,
				B02157731B9DAF30001860B5 /* new */,
				B021577F1B9DAF30001860B5 /* TooltipView.h */,
				B02157801B9DAF30001860B5 /* TooltipView.m */,
				B02157811B9DAF30001860B5 /* TooltipViewPrivate.h */,
				B02157821B9DAF30001860B5 /* ValidTooltipView.h */,
				B02157831B9DAF30001860B5 /* ValidTooltipView.m */,
			);
			path = tooltip;
			sourceTree = "<group>";
		};
		B02157731B9DAF30001860B5 /* new */ = {
			isa = PBXGroup;
			children = (
				B02157741B9DAF30001860B5 /* JDFSequentialTooltipManager.h */,
				B02157751B9DAF30001860B5 /* JDFSequentialTooltipManager.m */,
				B02157761B9DAF30001860B5 /* JDFTooltipManager.h */,
				B02157771B9DAF30001860B5 /* JDFTooltipManager.m */,
				B02157781B9DAF30001860B5 /* JDFTooltips.h */,
				B02157791B9DAF30001860B5 /* JDFTooltipView.h */,
				B021577A1B9DAF30001860B5 /* JDFTooltipView.m */,
				B021577B1B9DAF30001860B5 /* UILabel+JDFTooltips.h */,
				B021577C1B9DAF30001860B5 /* UILabel+JDFTooltips.m */,
				B021577D1B9DAF30001860B5 /* UIView+JDFTooltips.h */,
				B021577E1B9DAF30001860B5 /* UIView+JDFTooltips.m */,
			);
			path = new;
			sourceTree = "<group>";
		};
		B02157CD1B9DAFA0001860B5 /* provider */ = {
			isa = PBXGroup;
			children = (
				B02157D01B9DAFA0001860B5 /* MFComponentApplicationProtocol.h */,
				B02157D11B9DAFA0001860B5 /* MFComponentProviderProtocol.h */,
				B02157D21B9DAFA0001860B5 /* MFSimpleComponentProvider.h */,
				B02157D31B9DAFA0001860B5 /* MFSimpleComponentProvider.m */,
				B02157D41B9DAFA0001860B5 /* MFUIComponentProvider.h */,
			);
			path = provider;
			sourceTree = "<group>";
		};
		B02157E81B9DB207001860B5 /* extension */ = {
			isa = PBXGroup;
			children = (
				B02157E91B9DB207001860B5 /* MFBaseTextExtensionProtocol.h */,
				B02157EA1B9DB207001860B5 /* MFEnumExtension.h */,
				B02157EB1B9DB207001860B5 /* MFEnumExtension.m */,
				B02157F01B9DB207001860B5 /* MFRegexTextExtensionProtocol.h */,
				B02157F11B9DB207001860B5 /* MFRegularExpressionTextFieldExtension.h */,
				B02157F21B9DB207001860B5 /* MFRegularExpressionTextFieldExtension.m */,
				B02157F31B9DB207001860B5 /* MFTextFieldExtension.h */,
				B02157F41B9DB207001860B5 /* MFTextFieldExtension.m */,
				B02157F51B9DB207001860B5 /* MFUIControlExtension.h */,
			);
			path = extension;
			sourceTree = "<group>";
		};
		B02158031B9DB27D001860B5 /* alertview */ = {
			isa = PBXGroup;
			children = (
				B02158041B9DB27D001860B5 /* MFAlertView.h */,
				B02158051B9DB27D001860B5 /* MFAlertView.m */,
				B02158061B9DB27D001860B5 /* MFAlertViewManager.h */,
				B02158071B9DB27D001860B5 /* MFAlertViewManager.m */,
				B02158081B9DB27D001860B5 /* MFUIAlertView.h */,
			);
			path = alertview;
			sourceTree = "<group>";
		};
		B021580E1B9DB2EE001860B5 /* label */ = {
			isa = PBXGroup;
			children = (
				B021580F1B9DB2EE001860B5 /* MFLabel.h */,
				B02158101B9DB2EE001860B5 /* MFLabel.m */,
				B02158111B9DB2EE001860B5 /* MFUIControlLabel.h */,
			);
			name = label;
			path = control/label;
			sourceTree = "<group>";
		};
		B02158191B9DBC8C001860B5 /* command */ = {
			isa = PBXGroup;
			children = (
				B021581C1B9DBC8C001860B5 /* MDKCommandHandler.h */,
				B021581D1B9DBC8C001860B5 /* MDKCommandHandler.m */,
				B021581E1B9DBC8C001860B5 /* MDKCommandProtocol.h */,
				B02158271B9DBC8C001860B5 /* MFUICommand.h */,
			);
			path = command;
			sourceTree = "<group>";
		};
		B021583A1B9DBDF5001860B5 /* viewcontroller */ = {
			isa = PBXGroup;
			children = (
			);
			path = viewcontroller;
			sourceTree = "<group>";
		};
		B0FFDA5C1B33FAFB00CA6E5E = {
			isa = PBXGroup;
			children = (
				B0FFDA8F1B33FBB800CA6E5E /* UIKit.framework */,
				B0FFDA681B33FAFB00CA6E5E /* MDKControl */,
				B0FFDA751B33FAFB00CA6E5E /* MDKControlTests */,
				B0FFDA671B33FAFB00CA6E5E /* Products */,
			);
			sourceTree = "<group>";
		};
		B0FFDA671B33FAFB00CA6E5E /* Products */ = {
			isa = PBXGroup;
			children = (
				B0FFDA661B33FAFB00CA6E5E /* MDKControl.framework */,
				B0FFDA711B33FAFB00CA6E5E /* MDKControlTests.xctest */,
			);
			name = Products;
			sourceTree = "<group>";
		};
		B0FFDA681B33FAFB00CA6E5E /* MDKControl */ = {
			isa = PBXGroup;
			children = (
				B021583A1B9DBDF5001860B5 /* viewcontroller */,
				B02158191B9DBC8C001860B5 /* command */,
				B02158151B9DBA7F001860B5 /* MFConstants.h */,
				B02158161B9DBA7F001860B5 /* MFConstants.m */,
				B021580E1B9DB2EE001860B5 /* label */,
				B02158031B9DB27D001860B5 /* alertview */,
				B02157CD1B9DAFA0001860B5 /* provider */,
				B02157431B9DAEEA001860B5 /* fieldValidator */,
				B02157251B9DAE51001860B5 /* changes */,
				B02156F11B9DADE5001860B5 /* error */,
				B02156D91B9DAD59001860B5 /* protocol */,
				B02156881B9DAC6E001860B5 /* style */,
				B02156731B9DAB93001860B5 /* control */,
				B0FFDA6B1B33FAFB00CA6E5E /* MDKControl.h */,
				B0FFDA691B33FAFB00CA6E5E /* Supporting Files */,
				B021566F1B9D9863001860B5 /* MDKBase.h */,
				B02156701B9D9863001860B5 /* MDKBase.m */,
			);
			path = MDKControl;
			sourceTree = "<group>";
		};
		B0FFDA691B33FAFB00CA6E5E /* Supporting Files */ = {
			isa = PBXGroup;
			children = (
				B0FFDA6A1B33FAFB00CA6E5E /* Info.plist */,
				B0FFDA911B33FBEB00CA6E5E /* MDKControl-Prefix.pch */,
			);
			name = "Supporting Files";
			sourceTree = "<group>";
		};
		B0FFDA751B33FAFB00CA6E5E /* MDKControlTests */ = {
			isa = PBXGroup;
			children = (
				B0FFDA781B33FAFB00CA6E5E /* MDKControlTests.m */,
				B0FFDA761B33FAFB00CA6E5E /* Supporting Files */,
			);
			path = MDKControlTests;
			sourceTree = "<group>";
		};
		B0FFDA761B33FAFB00CA6E5E /* Supporting Files */ = {
			isa = PBXGroup;
			children = (
				B0FFDA771B33FAFB00CA6E5E /* Info.plist */,
			);
			name = "Supporting Files";
			sourceTree = "<group>";
		};
/* End PBXGroup section */

/* Begin PBXHeadersBuildPhase section */
		B0FFDA631B33FAFB00CA6E5E /* Headers */ = {
			isa = PBXHeadersBuildPhase;
			buildActionMask = 2147483647;
			files = (
				B02158001B9DB207001860B5 /* MFTextFieldExtension.h in Headers */,
				B02157FE1B9DB207001860B5 /* MFRegularExpressionTextFieldExtension.h in Headers */,
				B02157A81B9DAF30001860B5 /* JDFTooltipView.h in Headers */,
				B02157581B9DAEEA001860B5 /* MFDoubleFieldValidator.h in Headers */,
				B02157AA1B9DAF30001860B5 /* UILabel+JDFTooltips.h in Headers */,
				B02157B01B9DAF30001860B5 /* TooltipViewPrivate.h in Headers */,
				B02156E51B9DAD59001860B5 /* MDKControlAttributesProtocol.h in Headers */,
				B02156CF1B9DAC6E001860B5 /* MFTextFieldStyle+TextLayouting.h in Headers */,
				B02158021B9DB207001860B5 /* MFUIControlExtension.h in Headers */,
				B02157BB1B9DAF30001860B5 /* MFInvalidIntegerValueUIValidationError.h in Headers */,
				B02156711B9D9863001860B5 /* MDKBase.h in Headers */,
				B02156771B9DAB93001860B5 /* MFTextField.h in Headers */,
				B02157A71B9DAF30001860B5 /* JDFTooltips.h in Headers */,
				B02158171B9DBA7F001860B5 /* MFConstants.h in Headers */,
				B02157C31B9DAF30001860B5 /* MFMandatoryFieldUIValidationError.h in Headers */,
				B02157691B9DAEEA001860B5 /* MFUIFieldValidator.h in Headers */,
				B02156E81B9DAD59001860B5 /* MDKControlPropertiesProtocol.h in Headers */,
				B02157A21B9DAF30001860B5 /* MFUIControlTooltip.h in Headers */,
				B02158351B9DBC8C001860B5 /* MFUICommand.h in Headers */,
				B02156E41B9DAD59001860B5 /* MDKControlAssociatedLabelProtocol.h in Headers */,
				B02157D81B9DAFA0001860B5 /* MFComponentProviderProtocol.h in Headers */,
				B021582A1B9DBC8C001860B5 /* MDKCommandHandler.h in Headers */,
				B02156D31B9DAC6E001860B5 /* MFUIStyleTextField.h in Headers */,
				B021575C1B9DAEEA001860B5 /* MFFieldValidatorHandler.h in Headers */,
				B02156EB1B9DAD59001860B5 /* MDKControlProtocol.h in Headers */,
				B02157DF1B9DB124001860B5 /* MFUIBaseRenderableComponent.h in Headers */,
				B02158141B9DB2EE001860B5 /* MFUIControlLabel.h in Headers */,
				B02156B51B9DAC6E001860B5 /* MFStyleProtocol.h in Headers */,
				B02157C11B9DAF30001860B5 /* MFInvalidUrlValueUIValidationError.h in Headers */,
				B02157E61B9DB17F001860B5 /* MFViewTags.h in Headers */,
				B02156E61B9DAD59001860B5 /* MDKControlDataProtocol.h in Headers */,
				B02157B11B9DAF30001860B5 /* ValidTooltipView.h in Headers */,
				B02158091B9DB27D001860B5 /* MFAlertView.h in Headers */,
				B02157BF1B9DAF30001860B5 /* MFInvalidPhoneNumberValueUIValidationError.h in Headers */,
				B02157AC1B9DAF30001860B5 /* UIView+JDFTooltips.h in Headers */,
				B02156E31B9DAD59001860B5 /* MDKBackgroundViewProtocol.h in Headers */,
				B02156E71B9DAD59001860B5 /* MDKControlErrorProtocol.h in Headers */,
				B02156BC1B9DAC6E001860B5 /* MFUIStyle.h in Headers */,
				B02157AE1B9DAF30001860B5 /* TooltipView.h in Headers */,
				B02157CB1B9DAF30001860B5 /* MFUIValidationError.h in Headers */,
				B02157F71B9DB207001860B5 /* MFEnumExtension.h in Headers */,
				B02157B31B9DAF30001860B5 /* MFTooLongStringUIValidationError.h in Headers */,
				B02156BB1B9DAC6E001860B5 /* MFUIStyleLabel.h in Headers */,
				B021580D1B9DB27D001860B5 /* MFUIAlertView.h in Headers */,
				B02156EA1B9DAD59001860B5 /* MFErrorViewProtocol.h in Headers */,
				B02157D71B9DAFA0001860B5 /* MFComponentApplicationProtocol.h in Headers */,
				B02156D11B9DAC6E001860B5 /* MFTextFieldStyle.h in Headers */,
				B02156B31B9DAC6E001860B5 /* MFDefaultStyle.h in Headers */,
				B021575E1B9DAEEA001860B5 /* MFFieldValidatorProtocol.h in Headers */,
				B021582C1B9DBC8C001860B5 /* MDKCommandProtocol.h in Headers */,
				B02157DB1B9DAFA0001860B5 /* MFUIComponentProvider.h in Headers */,
				B02157631B9DAEEA001860B5 /* MFLengthFieldValidator.h in Headers */,
				B02157B71B9DAF30001860B5 /* MFInvalidDoubleValueUIValidationError.h in Headers */,
				B02156C71B9DAC6E001860B5 /* MFRegexTextFieldStyle+Button.h in Headers */,
				B021573F1B9DAE8E001860B5 /* MFRegexTextField.h in Headers */,
				B02157281B9DAE51001860B5 /* MFControlChangedTargetDescriptor.h in Headers */,
				B02157611B9DAEEA001860B5 /* MFIntegerFieldValidator.h in Headers */,
				B02157C51B9DAF30001860B5 /* MFNoMatchingValueUIValidationError.h in Headers */,
				B02157BD1B9DAF30001860B5 /* MFInvalidLocationValueUIValidationError.h in Headers */,
				B02157A51B9DAF30001860B5 /* JDFTooltipManager.h in Headers */,
				B0FFDA6C1B33FAFB00CA6E5E /* MDKControl.h in Headers */,
				B02157F61B9DB207001860B5 /* MFBaseTextExtensionProtocol.h in Headers */,
				B02157241B9DAE4C001860B5 /* MDKControlChangesProtocol.h in Headers */,
				B02156CD1B9DAC6E001860B5 /* MFTextFieldStyle+ErrorView.h in Headers */,
				B02156B91B9DAC6E001860B5 /* MFLabelStyle.h in Headers */,
				B021580B1B9DB27D001860B5 /* MFAlertViewManager.h in Headers */,
				B02157D91B9DAFA0001860B5 /* MFSimpleComponentProvider.h in Headers */,
				B021576A1B9DAEEA001860B5 /* MFUrlFieldValidator.h in Headers */,
				B02157671B9DAEEA001860B5 /* MFPhoneFieldValidator.h in Headers */,
				B02157FD1B9DB207001860B5 /* MFRegexTextExtensionProtocol.h in Headers */,
				B02157B91B9DAF30001860B5 /* MFInvalidEmailValueUIValidationError.h in Headers */,
				B02156E91B9DAD59001860B5 /* MDKControlValidationProtocol.h in Headers */,
				B02157A31B9DAF30001860B5 /* JDFSequentialTooltipManager.h in Headers */,
				B02156B61B9DAC6E001860B5 /* MFUIStyleCommons.h in Headers */,
				B02156CB1B9DAC6E001860B5 /* MFTextFieldStyle+BackgroundView.h in Headers */,
				B02157A01B9DAF30001860B5 /* InvalidTooltipView.h in Headers */,
				B02157B51B9DAF30001860B5 /* MFTooShortStringUIValidationError.h in Headers */,
				B02157211B9DAE19001860B5 /* MFCommonControlDelegate.h in Headers */,
				B021575A1B9DAEEA001860B5 /* MFEmailFieldValidator.h in Headers */,
				B02157651B9DAEEA001860B5 /* MFMandatoryFieldValidator.h in Headers */,
				B02156C91B9DAC6E001860B5 /* MFRegexTextFieldStyle.h in Headers */,
				B021579E1B9DAF30001860B5 /* MFUIErrorView.h in Headers */,
				B02156B71B9DAC6E001860B5 /* UIView+Styleable.h in Headers */,
				B02158121B9DB2EE001860B5 /* MFLabel.h in Headers */,
				B02157E21B9DB145001860B5 /* MFUIBaseComponent.h in Headers */,
			);
			runOnlyForDeploymentPostprocessing = 0;
		};
/* End PBXHeadersBuildPhase section */

/* Begin PBXNativeTarget section */
		B0FFDA651B33FAFB00CA6E5E /* MDKControl */ = {
			isa = PBXNativeTarget;
			buildConfigurationList = B0FFDA7C1B33FAFB00CA6E5E /* Build configuration list for PBXNativeTarget "MDKControl" */;
			buildPhases = (
				B0FFDA611B33FAFB00CA6E5E /* Sources */,
				B0FFDA621B33FAFB00CA6E5E /* Frameworks */,
				B0FFDA631B33FAFB00CA6E5E /* Headers */,
				B0FFDA641B33FAFB00CA6E5E /* Resources */,
			);
			buildRules = (
			);
			dependencies = (
			);
			name = MDKControl;
			productName = MDKControl;
			productReference = B0FFDA661B33FAFB00CA6E5E /* MDKControl.framework */;
			productType = "com.apple.product-type.framework";
		};
		B0FFDA701B33FAFB00CA6E5E /* MDKControlTests */ = {
			isa = PBXNativeTarget;
			buildConfigurationList = B0FFDA7F1B33FAFB00CA6E5E /* Build configuration list for PBXNativeTarget "MDKControlTests" */;
			buildPhases = (
				B0FFDA6D1B33FAFB00CA6E5E /* Sources */,
				B0FFDA6E1B33FAFB00CA6E5E /* Frameworks */,
				B0FFDA6F1B33FAFB00CA6E5E /* Resources */,
			);
			buildRules = (
			);
			dependencies = (
				B0FFDA741B33FAFB00CA6E5E /* PBXTargetDependency */,
			);
			name = MDKControlTests;
			productName = MDKControlTests;
			productReference = B0FFDA711B33FAFB00CA6E5E /* MDKControlTests.xctest */;
			productType = "com.apple.product-type.bundle.unit-test";
		};
/* End PBXNativeTarget section */

/* Begin PBXProject section */
		B0FFDA5D1B33FAFB00CA6E5E /* Project object */ = {
			isa = PBXProject;
			attributes = {
				LastUpgradeCheck = 0630;
				ORGANIZATIONNAME = "Sopra Steria";
				TargetAttributes = {
					B0FFDA651B33FAFB00CA6E5E = {
						CreatedOnToolsVersion = 6.3.1;
					};
					B0FFDA701B33FAFB00CA6E5E = {
						CreatedOnToolsVersion = 6.3.1;
					};
				};
			};
			buildConfigurationList = B0FFDA601B33FAFB00CA6E5E /* Build configuration list for PBXProject "MDKControl" */;
			compatibilityVersion = "Xcode 3.2";
			developmentRegion = English;
			hasScannedForEncodings = 0;
			knownRegions = (
				en,
			);
			mainGroup = B0FFDA5C1B33FAFB00CA6E5E;
			productRefGroup = B0FFDA671B33FAFB00CA6E5E /* Products */;
			projectDirPath = "";
			projectRoot = "";
			targets = (
				B0FFDA651B33FAFB00CA6E5E /* MDKControl */,
				B0FFDA701B33FAFB00CA6E5E /* MDKControlTests */,
			);
		};
/* End PBXProject section */

/* Begin PBXResourcesBuildPhase section */
		B0FFDA641B33FAFB00CA6E5E /* Resources */ = {
			isa = PBXResourcesBuildPhase;
			buildActionMask = 2147483647;
			files = (
			);
			runOnlyForDeploymentPostprocessing = 0;
		};
		B0FFDA6F1B33FAFB00CA6E5E /* Resources */ = {
			isa = PBXResourcesBuildPhase;
			buildActionMask = 2147483647;
			files = (
			);
			runOnlyForDeploymentPostprocessing = 0;
		};
/* End PBXResourcesBuildPhase section */

/* Begin PBXSourcesBuildPhase section */
		B0FFDA611B33FAFB00CA6E5E /* Sources */ = {
			isa = PBXSourcesBuildPhase;
			buildActionMask = 2147483647;
			files = (
				B021575D1B9DAEEA001860B5 /* MFFieldValidatorHandler.m in Sources */,
				B021580A1B9DB27D001860B5 /* MFAlertView.m in Sources */,
				B02157A91B9DAF30001860B5 /* JDFTooltipView.m in Sources */,
				B02157CC1B9DAF30001860B5 /* MFUIValidationError.m in Sources */,
				B02156C81B9DAC6E001860B5 /* MFRegexTextFieldStyle+Button.m in Sources */,
				B02158131B9DB2EE001860B5 /* MFLabel.m in Sources */,
				B02157B21B9DAF30001860B5 /* ValidTooltipView.m in Sources */,
				B02157C01B9DAF30001860B5 /* MFInvalidPhoneNumberValueUIValidationError.m in Sources */,
				B02157A61B9DAF30001860B5 /* JDFTooltipManager.m in Sources */,
				B02157F81B9DB207001860B5 /* MFEnumExtension.m in Sources */,
				B02156781B9DAB93001860B5 /* MFTextField.m in Sources */,
				B021579F1B9DAF30001860B5 /* MFUIErrorView.m in Sources */,
				B02158181B9DBA7F001860B5 /* MFConstants.m in Sources */,
				B02156BA1B9DAC6E001860B5 /* MFLabelStyle.m in Sources */,
				B02156721B9D9863001860B5 /* MDKBase.m in Sources */,
				B02157661B9DAEEA001860B5 /* MFMandatoryFieldValidator.m in Sources */,
				B02157BA1B9DAF30001860B5 /* MFInvalidEmailValueUIValidationError.m in Sources */,
				B02157AB1B9DAF30001860B5 /* UILabel+JDFTooltips.m in Sources */,
				B02157E71B9DB17F001860B5 /* MFViewTags.m in Sources */,
				B02157C41B9DAF30001860B5 /* MFMandatoryFieldUIValidationError.m in Sources */,
				B02157591B9DAEEA001860B5 /* MFDoubleFieldValidator.m in Sources */,
				B02157BC1B9DAF30001860B5 /* MFInvalidIntegerValueUIValidationError.m in Sources */,
				B02157681B9DAEEA001860B5 /* MFPhoneFieldValidator.m in Sources */,
				B021582B1B9DBC8C001860B5 /* MDKCommandHandler.m in Sources */,
				B02158011B9DB207001860B5 /* MFTextFieldExtension.m in Sources */,
				B02157221B9DAE19001860B5 /* MFCommonControlDelegate.m in Sources */,
				B02156CA1B9DAC6E001860B5 /* MFRegexTextFieldStyle.m in Sources */,
				B02157BE1B9DAF30001860B5 /* MFInvalidLocationValueUIValidationError.m in Sources */,
				B02156D01B9DAC6E001860B5 /* MFTextFieldStyle+TextLayouting.m in Sources */,
				B02157621B9DAEEA001860B5 /* MFIntegerFieldValidator.m in Sources */,
				B021580C1B9DB27D001860B5 /* MFAlertViewManager.m in Sources */,
				B021576B1B9DAEEA001860B5 /* MFUrlFieldValidator.m in Sources */,
				B02157C61B9DAF30001860B5 /* MFNoMatchingValueUIValidationError.m in Sources */,
				B02156D21B9DAC6E001860B5 /* MFTextFieldStyle.m in Sources */,
				B02157FF1B9DB207001860B5 /* MFRegularExpressionTextFieldExtension.m in Sources */,
				B02157641B9DAEEA001860B5 /* MFLengthFieldValidator.m in Sources */,
				B02157AD1B9DAF30001860B5 /* UIView+JDFTooltips.m in Sources */,
				B02156B81B9DAC6E001860B5 /* UIView+Styleable.m in Sources */,
				B02157B41B9DAF30001860B5 /* MFTooLongStringUIValidationError.m in Sources */,
				B02156B41B9DAC6E001860B5 /* MFDefaultStyle.m in Sources */,
				B02157B61B9DAF30001860B5 /* MFTooShortStringUIValidationError.m in Sources */,
				B02157AF1B9DAF30001860B5 /* TooltipView.m in Sources */,
				B021575B1B9DAEEA001860B5 /* MFEmailFieldValidator.m in Sources */,
				B02156CC1B9DAC6E001860B5 /* MFTextFieldStyle+BackgroundView.m in Sources */,
				B02156CE1B9DAC6E001860B5 /* MFTextFieldStyle+ErrorView.m in Sources */,
				B02157E31B9DB145001860B5 /* MFUIBaseComponent.m in Sources */,
				B02157B81B9DAF30001860B5 /* MFInvalidDoubleValueUIValidationError.m in Sources */,
				B02157A41B9DAF30001860B5 /* JDFSequentialTooltipManager.m in Sources */,
				B02157DE1B9DB124001860B5 /* MFUIBaseRenderableComponent.m in Sources */,
				B02157291B9DAE51001860B5 /* MFControlChangedTargetDescriptor.m in Sources */,
				B02157A11B9DAF30001860B5 /* InvalidTooltipView.m in Sources */,
				B02157C21B9DAF30001860B5 /* MFInvalidUrlValueUIValidationError.m in Sources */,
				B02157401B9DAE8E001860B5 /* MFRegexTextField.m in Sources */,
				B02157DA1B9DAFA0001860B5 /* MFSimpleComponentProvider.m in Sources */,
			);
			runOnlyForDeploymentPostprocessing = 0;
		};
		B0FFDA6D1B33FAFB00CA6E5E /* Sources */ = {
			isa = PBXSourcesBuildPhase;
			buildActionMask = 2147483647;
			files = (
				B0FFDA791B33FAFB00CA6E5E /* MDKControlTests.m in Sources */,
			);
			runOnlyForDeploymentPostprocessing = 0;
		};
/* End PBXSourcesBuildPhase section */

/* Begin PBXTargetDependency section */
		B0FFDA741B33FAFB00CA6E5E /* PBXTargetDependency */ = {
			isa = PBXTargetDependency;
			target = B0FFDA651B33FAFB00CA6E5E /* MDKControl */;
			targetProxy = B0FFDA731B33FAFB00CA6E5E /* PBXContainerItemProxy */;
		};
/* End PBXTargetDependency section */

/* Begin XCBuildConfiguration section */
		B0FFDA7A1B33FAFB00CA6E5E /* Debug */ = {
			isa = XCBuildConfiguration;
			buildSettings = {
				ALWAYS_SEARCH_USER_PATHS = NO;
				CLANG_CXX_LANGUAGE_STANDARD = "gnu++0x";
				CLANG_CXX_LIBRARY = "libc++";
				CLANG_ENABLE_MODULES = YES;
				CLANG_ENABLE_OBJC_ARC = YES;
				CLANG_WARN_BOOL_CONVERSION = YES;
				CLANG_WARN_CONSTANT_CONVERSION = YES;
				CLANG_WARN_DIRECT_OBJC_ISA_USAGE = YES_ERROR;
				CLANG_WARN_EMPTY_BODY = YES;
				CLANG_WARN_ENUM_CONVERSION = YES;
				CLANG_WARN_INT_CONVERSION = YES;
				CLANG_WARN_OBJC_ROOT_CLASS = YES_ERROR;
				CLANG_WARN_UNREACHABLE_CODE = YES;
				CLANG_WARN__DUPLICATE_METHOD_MATCH = YES;
				"CODE_SIGN_IDENTITY[sdk=iphoneos*]" = "iPhone Developer";
				COPY_PHASE_STRIP = NO;
				CURRENT_PROJECT_VERSION = 1;
				DEBUG_INFORMATION_FORMAT = "dwarf-with-dsym";
				ENABLE_STRICT_OBJC_MSGSEND = YES;
				GCC_C_LANGUAGE_STANDARD = gnu99;
				GCC_DYNAMIC_NO_PIC = NO;
				GCC_NO_COMMON_BLOCKS = YES;
				GCC_OPTIMIZATION_LEVEL = 0;
				GCC_PREPROCESSOR_DEFINITIONS = (
					"DEBUG=1",
					"$(inherited)",
				);
				GCC_SYMBOLS_PRIVATE_EXTERN = NO;
				GCC_WARN_64_TO_32_BIT_CONVERSION = YES;
				GCC_WARN_ABOUT_RETURN_TYPE = YES_ERROR;
				GCC_WARN_UNDECLARED_SELECTOR = YES;
				GCC_WARN_UNINITIALIZED_AUTOS = YES_AGGRESSIVE;
				GCC_WARN_UNUSED_FUNCTION = YES;
				GCC_WARN_UNUSED_VARIABLE = YES;
				IPHONEOS_DEPLOYMENT_TARGET = 8.3;
				MTL_ENABLE_DEBUG_INFO = YES;
				ONLY_ACTIVE_ARCH = YES;
				SDKROOT = iphoneos;
				TARGETED_DEVICE_FAMILY = "1,2";
				VERSIONING_SYSTEM = "apple-generic";
				VERSION_INFO_PREFIX = "";
			};
			name = Debug;
		};
		B0FFDA7B1B33FAFB00CA6E5E /* Release */ = {
			isa = XCBuildConfiguration;
			buildSettings = {
				ALWAYS_SEARCH_USER_PATHS = NO;
				CLANG_CXX_LANGUAGE_STANDARD = "gnu++0x";
				CLANG_CXX_LIBRARY = "libc++";
				CLANG_ENABLE_MODULES = YES;
				CLANG_ENABLE_OBJC_ARC = YES;
				CLANG_WARN_BOOL_CONVERSION = YES;
				CLANG_WARN_CONSTANT_CONVERSION = YES;
				CLANG_WARN_DIRECT_OBJC_ISA_USAGE = YES_ERROR;
				CLANG_WARN_EMPTY_BODY = YES;
				CLANG_WARN_ENUM_CONVERSION = YES;
				CLANG_WARN_INT_CONVERSION = YES;
				CLANG_WARN_OBJC_ROOT_CLASS = YES_ERROR;
				CLANG_WARN_UNREACHABLE_CODE = YES;
				CLANG_WARN__DUPLICATE_METHOD_MATCH = YES;
				"CODE_SIGN_IDENTITY[sdk=iphoneos*]" = "iPhone Developer";
				COPY_PHASE_STRIP = NO;
				CURRENT_PROJECT_VERSION = 1;
				DEBUG_INFORMATION_FORMAT = "dwarf-with-dsym";
				ENABLE_NS_ASSERTIONS = NO;
				ENABLE_STRICT_OBJC_MSGSEND = YES;
				GCC_C_LANGUAGE_STANDARD = gnu99;
				GCC_NO_COMMON_BLOCKS = YES;
				GCC_WARN_64_TO_32_BIT_CONVERSION = YES;
				GCC_WARN_ABOUT_RETURN_TYPE = YES_ERROR;
				GCC_WARN_UNDECLARED_SELECTOR = YES;
				GCC_WARN_UNINITIALIZED_AUTOS = YES_AGGRESSIVE;
				GCC_WARN_UNUSED_FUNCTION = YES;
				GCC_WARN_UNUSED_VARIABLE = YES;
				IPHONEOS_DEPLOYMENT_TARGET = 8.3;
				MTL_ENABLE_DEBUG_INFO = NO;
				SDKROOT = iphoneos;
				TARGETED_DEVICE_FAMILY = "1,2";
				VALIDATE_PRODUCT = YES;
				VERSIONING_SYSTEM = "apple-generic";
				VERSION_INFO_PREFIX = "";
			};
			name = Release;
		};
		B0FFDA7D1B33FAFB00CA6E5E /* Debug */ = {
			isa = XCBuildConfiguration;
			buildSettings = {
				DEFINES_MODULE = YES;
				DYLIB_COMPATIBILITY_VERSION = 1;
				DYLIB_CURRENT_VERSION = 1;
				DYLIB_INSTALL_NAME_BASE = "@rpath";
				GCC_PRECOMPILE_PREFIX_HEADER = YES;
				GCC_PREFIX_HEADER = "MDKControl/MDKControl-Prefix.pch";
				INFOPLIST_FILE = MDKControl/Info.plist;
				INSTALL_PATH = "$(LOCAL_LIBRARY_DIR)/Frameworks";
				LD_RUNPATH_SEARCH_PATHS = "$(inherited) @executable_path/Frameworks @loader_path/Frameworks";
				PRODUCT_NAME = "$(TARGET_NAME)";
				SKIP_INSTALL = YES;
			};
			name = Debug;
		};
		B0FFDA7E1B33FAFB00CA6E5E /* Release */ = {
			isa = XCBuildConfiguration;
			buildSettings = {
				DEFINES_MODULE = YES;
				DYLIB_COMPATIBILITY_VERSION = 1;
				DYLIB_CURRENT_VERSION = 1;
				DYLIB_INSTALL_NAME_BASE = "@rpath";
				GCC_PRECOMPILE_PREFIX_HEADER = YES;
				GCC_PREFIX_HEADER = "MDKControl/MDKControl-Prefix.pch";
				INFOPLIST_FILE = MDKControl/Info.plist;
				INSTALL_PATH = "$(LOCAL_LIBRARY_DIR)/Frameworks";
				LD_RUNPATH_SEARCH_PATHS = "$(inherited) @executable_path/Frameworks @loader_path/Frameworks";
				PRODUCT_NAME = "$(TARGET_NAME)";
				SKIP_INSTALL = YES;
			};
			name = Release;
		};
		B0FFDA801B33FAFB00CA6E5E /* Debug */ = {
			isa = XCBuildConfiguration;
			buildSettings = {
				FRAMEWORK_SEARCH_PATHS = (
					"$(SDKROOT)/Developer/Library/Frameworks",
					"$(inherited)",
				);
				GCC_PREPROCESSOR_DEFINITIONS = (
					"DEBUG=1",
					"$(inherited)",
				);
				INFOPLIST_FILE = MDKControlTests/Info.plist;
				LD_RUNPATH_SEARCH_PATHS = "$(inherited) @executable_path/Frameworks @loader_path/Frameworks";
				PRODUCT_NAME = "$(TARGET_NAME)";
			};
			name = Debug;
		};
		B0FFDA811B33FAFB00CA6E5E /* Release */ = {
			isa = XCBuildConfiguration;
			buildSettings = {
				FRAMEWORK_SEARCH_PATHS = (
					"$(SDKROOT)/Developer/Library/Frameworks",
					"$(inherited)",
				);
				INFOPLIST_FILE = MDKControlTests/Info.plist;
				LD_RUNPATH_SEARCH_PATHS = "$(inherited) @executable_path/Frameworks @loader_path/Frameworks";
				PRODUCT_NAME = "$(TARGET_NAME)";
			};
			name = Release;
		};
/* End XCBuildConfiguration section */

/* Begin XCConfigurationList section */
		B0FFDA601B33FAFB00CA6E5E /* Build configuration list for PBXProject "MDKControl" */ = {
			isa = XCConfigurationList;
			buildConfigurations = (
				B0FFDA7A1B33FAFB00CA6E5E /* Debug */,
				B0FFDA7B1B33FAFB00CA6E5E /* Release */,
			);
			defaultConfigurationIsVisible = 0;
			defaultConfigurationName = Release;
		};
		B0FFDA7C1B33FAFB00CA6E5E /* Build configuration list for PBXNativeTarget "MDKControl" */ = {
			isa = XCConfigurationList;
			buildConfigurations = (
				B0FFDA7D1B33FAFB00CA6E5E /* Debug */,
				B0FFDA7E1B33FAFB00CA6E5E /* Release */,
			);
			defaultConfigurationIsVisible = 0;
			defaultConfigurationName = Release;
		};
		B0FFDA7F1B33FAFB00CA6E5E /* Build configuration list for PBXNativeTarget "MDKControlTests" */ = {
			isa = XCConfigurationList;
			buildConfigurations = (
				B0FFDA801B33FAFB00CA6E5E /* Debug */,
				B0FFDA811B33FAFB00CA6E5E /* Release */,
			);
			defaultConfigurationIsVisible = 0;
			defaultConfigurationName = Release;
		};
/* End XCConfigurationList section */
	};
	rootObject = B0FFDA5D1B33FAFB00CA6E5E /* Project object */;
}
